// !$*UTF8*$!
{
	archiveVersion = 1;
	classes = {
	};
	objectVersion = 46;
	objects = {

/* Begin PBXBuildFile section */
		00B394491DC5FD67002CD5B7 /* NetworkActivityIndicator.swift in Sources */ = {isa = PBXBuildFile; fileRef = 00B394481DC5FD67002CD5B7 /* NetworkActivityIndicator.swift */; };
		9F0FAF901D033FCD00CE1B61 /* ResourceStateSpec.swift in Sources */ = {isa = PBXBuildFile; fileRef = DAC0CE6A1B4A3A9D004FBB4B /* ResourceStateSpec.swift */; };
		9F0FAF911D033FCD00CE1B61 /* Networking-Alamofire.swift in Sources */ = {isa = PBXBuildFile; fileRef = DA2FF1051C0F97F600C98FF1 /* Networking-Alamofire.swift */; };
		9F0FAF921D033FCD00CE1B61 /* ProgressSpec.swift in Sources */ = {isa = PBXBuildFile; fileRef = DA8EF6CF1BC1A917002175EB /* ProgressSpec.swift */; };
		9F0FAF931D033FCD00CE1B61 /* ResourceObserversSpec.swift in Sources */ = {isa = PBXBuildFile; fileRef = DAC0CE6C1B4A3ADA004FBB4B /* ResourceObserversSpec.swift */; };
		9F0FAF941D033FCD00CE1B61 /* SpecHelpers.swift in Sources */ = {isa = PBXBuildFile; fileRef = DA49EA7F1B36174700AE1B8F /* SpecHelpers.swift */; };
		9F0FAF961D033FCD00CE1B61 /* WeakCacheSpec.swift in Sources */ = {isa = PBXBuildFile; fileRef = DA9F4BDD1B3F8E2E00E8966F /* WeakCacheSpec.swift */; };
		9F0FAF971D033FCD00CE1B61 /* ResponseDataHandlingSpec.swift in Sources */ = {isa = PBXBuildFile; fileRef = DA3314301B4DC11900A7A175 /* ResponseDataHandlingSpec.swift */; };
		9F0FAF981D033FCD00CE1B61 /* ServiceSpec.swift in Sources */ = {isa = PBXBuildFile; fileRef = DA49EA7B1B35FE5F00AE1B8F /* ServiceSpec.swift */; };
		9F0FAF991D033FCD00CE1B61 /* TestService.swift in Sources */ = {isa = PBXBuildFile; fileRef = DA4D61991B7521B900F6BB9C /* TestService.swift */; };
		9F0FAF9A1D033FCD00CE1B61 /* SiestaSpec.swift in Sources */ = {isa = PBXBuildFile; fileRef = DAFA89271B8172920090D283 /* SiestaSpec.swift */; };
		9F0FAF9B1D033FCD00CE1B61 /* ResourcePathsSpec.swift in Sources */ = {isa = PBXBuildFile; fileRef = DAC0CE681B4A39B0004FBB4B /* ResourcePathsSpec.swift */; };
		9F0FAF9C1D033FCD00CE1B61 /* ResourceSpecBase.swift in Sources */ = {isa = PBXBuildFile; fileRef = DA49EA7D1B35FE7E00AE1B8F /* ResourceSpecBase.swift */; };
		9F0FAFB01D033FF400CE1B61 /* Siesta.framework in Frameworks */ = {isa = PBXBuildFile; fileRef = 9F2FB51E1C28645E0068DFFA /* Siesta.framework */; };
		9F0FB04C1D04179600CE1B61 /* Siesta.h in Headers */ = {isa = PBXBuildFile; fileRef = DA336E521B2E6DDB006F702A /* Siesta.h */; settings = {ATTRIBUTES = (Public, ); }; };
		9F0FB0571D04184F00CE1B61 /* Alamofire.framework in CopyFiles */ = {isa = PBXBuildFile; fileRef = 9F0FB0531D04184F00CE1B61 /* Alamofire.framework */; settings = {ATTRIBUTES = (CodeSignOnCopy, RemoveHeadersOnCopy, ); }; };
		9F0FB0581D04184F00CE1B61 /* Nimble.framework in CopyFiles */ = {isa = PBXBuildFile; fileRef = 9F0FB0541D04184F00CE1B61 /* Nimble.framework */; settings = {ATTRIBUTES = (CodeSignOnCopy, RemoveHeadersOnCopy, ); }; };
		9F0FB0591D04184F00CE1B61 /* Nocilla.framework in CopyFiles */ = {isa = PBXBuildFile; fileRef = 9F0FB0551D04184F00CE1B61 /* Nocilla.framework */; settings = {ATTRIBUTES = (CodeSignOnCopy, RemoveHeadersOnCopy, ); }; };
		9F0FB05A1D04184F00CE1B61 /* Quick.framework in CopyFiles */ = {isa = PBXBuildFile; fileRef = 9F0FB0561D04184F00CE1B61 /* Quick.framework */; settings = {ATTRIBUTES = (CodeSignOnCopy, RemoveHeadersOnCopy, ); }; };
		9F0FB05C1D0418AF00CE1B61 /* Alamofire.framework in Frameworks */ = {isa = PBXBuildFile; fileRef = 9F0FB0531D04184F00CE1B61 /* Alamofire.framework */; };
		9F0FB05D1D0418AF00CE1B61 /* Nimble.framework in Frameworks */ = {isa = PBXBuildFile; fileRef = 9F0FB0541D04184F00CE1B61 /* Nimble.framework */; };
		9F0FB05E1D0418AF00CE1B61 /* Nocilla.framework in Frameworks */ = {isa = PBXBuildFile; fileRef = 9F0FB0551D04184F00CE1B61 /* Nocilla.framework */; };
		9F0FB05F1D0418AF00CE1B61 /* Quick.framework in Frameworks */ = {isa = PBXBuildFile; fileRef = 9F0FB0561D04184F00CE1B61 /* Quick.framework */; };
		9F2FB5261C2864970068DFFA /* Siesta-ObjC.swift in Sources */ = {isa = PBXBuildFile; fileRef = DA3FBD9A1B55917600161A25 /* Siesta-ObjC.swift */; };
		9F2FB5271C2864970068DFFA /* WeakCache.swift in Sources */ = {isa = PBXBuildFile; fileRef = DA9F4BDB1B3DFE3700E8966F /* WeakCache.swift */; };
		9F2FB5281C2864970068DFFA /* Progress.swift in Sources */ = {isa = PBXBuildFile; fileRef = DA5FE9F31BB9E3EF00B6688A /* Progress.swift */; };
		9F2FB5291C2864970068DFFA /* Logging.swift in Sources */ = {isa = PBXBuildFile; fileRef = DA3FBDB01B55BF0E00161A25 /* Logging.swift */; };
		9F2FB52A1C2864970068DFFA /* DebugFormatting.swift in Sources */ = {isa = PBXBuildFile; fileRef = DAFA4BB01B8377B300EFF117 /* DebugFormatting.swift */; };
		9F2FB52B1C2864970068DFFA /* String+Siesta.swift in Sources */ = {isa = PBXBuildFile; fileRef = DA99B5C81B38C8E6009C6937 /* String+Siesta.swift */; };
		9F2FB52C1C2864970068DFFA /* URL+Siesta.swift in Sources */ = {isa = PBXBuildFile; fileRef = DA2846491B59EF9F004BD535 /* URL+Siesta.swift */; };
		9F2FB52D1C2864970068DFFA /* Collection+Siesta.swift in Sources */ = {isa = PBXBuildFile; fileRef = DA0AB90C1B5C0090006A3067 /* Collection+Siesta.swift */; };
		9F2FB52E1C2864970068DFFA /* ARC+Siesta.swift in Sources */ = {isa = PBXBuildFile; fileRef = DA0AB90A1B5B5DD9006A3067 /* ARC+Siesta.swift */; };
		9F2FB52F1C2864970068DFFA /* GCD+Siesta.swift in Sources */ = {isa = PBXBuildFile; fileRef = DAE96F7B1B8ED11400506AE7 /* GCD+Siesta.swift */; };
		9F2FB5301C2864970068DFFA /* Regex+Siesta.swift in Sources */ = {isa = PBXBuildFile; fileRef = DA33142E1B4DBADA00A7A175 /* Regex+Siesta.swift */; };
		9F2FB5321C2864BD0068DFFA /* ResponseTransformer.swift in Sources */ = {isa = PBXBuildFile; fileRef = DA33142A1B4DA04900A7A175 /* ResponseTransformer.swift */; };
		9F2FB5331C2864BD0068DFFA /* Networking.swift in Sources */ = {isa = PBXBuildFile; fileRef = DA4353511B6AD63C00543843 /* Networking.swift */; };
		9F2FB5341C2864BD0068DFFA /* Networking-URLSession.swift in Sources */ = {isa = PBXBuildFile; fileRef = DA5EC2731B91E39000DC33C8 /* Networking-URLSession.swift */; };
		9F2FB5351C2864BD0068DFFA /* EntityCache.swift in Sources */ = {isa = PBXBuildFile; fileRef = DA9F7B1E1B8BC3B000A604C3 /* EntityCache.swift */; };
		9F2FB5361C2864C50068DFFA /* Request.swift in Sources */ = {isa = PBXBuildFile; fileRef = DAAB48291B5D7B770059C047 /* Request.swift */; };
		9F2FB5371C2864C50068DFFA /* RequestCallbacks.swift in Sources */ = {isa = PBXBuildFile; fileRef = DAFA42021C20AF940020AC5E /* RequestCallbacks.swift */; };
		9F2FB5381C2864C50068DFFA /* ProgressTracker.swift in Sources */ = {isa = PBXBuildFile; fileRef = DAFA42041C20AFCF0020AC5E /* ProgressTracker.swift */; };
		9F2FB5391C2864C50068DFFA /* NetworkRequest.swift in Sources */ = {isa = PBXBuildFile; fileRef = DAFA42061C20B0E50020AC5E /* NetworkRequest.swift */; };
		9F2FB53A1C2864C50068DFFA /* RequestCreation.swift in Sources */ = {isa = PBXBuildFile; fileRef = DAFA42081C20B10F0020AC5E /* RequestCreation.swift */; };
		9F2FB53B1C2864CB0068DFFA /* Service.swift in Sources */ = {isa = PBXBuildFile; fileRef = DA336E701B2F6659006F702A /* Service.swift */; };
		9F2FB53C1C2864CB0068DFFA /* Resource.swift in Sources */ = {isa = PBXBuildFile; fileRef = DA60F5FB1B30B2F800D76DC6 /* Resource.swift */; };
		9F2FB53D1C2864CB0068DFFA /* Configuration.swift in Sources */ = {isa = PBXBuildFile; fileRef = DAADA6B81B76F6E7009A3EF5 /* Configuration.swift */; };
		9F2FB53E1C2864CB0068DFFA /* Entity.swift in Sources */ = {isa = PBXBuildFile; fileRef = DAFB3C4C1B3DEFC2009CF96C /* Entity.swift */; };
		9F2FB53F1C2864CB0068DFFA /* RequestError.swift in Sources */ = {isa = PBXBuildFile; fileRef = DAFB3C4E1B3DEFE8009CF96C /* RequestError.swift */; };
		9F2FB5401C2864CB0068DFFA /* ResourceObserver.swift in Sources */ = {isa = PBXBuildFile; fileRef = DA9F4BDF1B41C9CC00E8966F /* ResourceObserver.swift */; };
		9F9628841CF1D7AF008092B7 /* ConfigurationPatternConvertible.swift in Sources */ = {isa = PBXBuildFile; fileRef = DA9AA8141CCAFDD20016DB18 /* ConfigurationPatternConvertible.swift */; };
		DA0AB90B1B5B5DD9006A3067 /* ARC+Siesta.swift in Sources */ = {isa = PBXBuildFile; fileRef = DA0AB90A1B5B5DD9006A3067 /* ARC+Siesta.swift */; };
		DA0AB90D1B5C0090006A3067 /* Collection+Siesta.swift in Sources */ = {isa = PBXBuildFile; fileRef = DA0AB90C1B5C0090006A3067 /* Collection+Siesta.swift */; };
		DA0B49991B2F68DC00BFBF38 /* Quick.framework in Frameworks */ = {isa = PBXBuildFile; fileRef = DA0B49971B2F68DC00BFBF38 /* Quick.framework */; };
		DA19D0751D9ADDD800D15F3A /* PerformanceTests.swift in Sources */ = {isa = PBXBuildFile; fileRef = DA19D0731D9ADDC900D15F3A /* PerformanceTests.swift */; };
		DA28464A1B59EF9F004BD535 /* URL+Siesta.swift in Sources */ = {isa = PBXBuildFile; fileRef = DA2846491B59EF9F004BD535 /* URL+Siesta.swift */; };
		DA2FF1061C0F97F600C98FF1 /* Networking-Alamofire.swift in Sources */ = {isa = PBXBuildFile; fileRef = DA2FF1051C0F97F600C98FF1 /* Networking-Alamofire.swift */; };
		DA33142B1B4DA04900A7A175 /* ResponseTransformer.swift in Sources */ = {isa = PBXBuildFile; fileRef = DA33142A1B4DA04900A7A175 /* ResponseTransformer.swift */; };
		DA33142F1B4DBADA00A7A175 /* Regex+Siesta.swift in Sources */ = {isa = PBXBuildFile; fileRef = DA33142E1B4DBADA00A7A175 /* Regex+Siesta.swift */; };
		DA3314311B4DC11900A7A175 /* ResponseDataHandlingSpec.swift in Sources */ = {isa = PBXBuildFile; fileRef = DA3314301B4DC11900A7A175 /* ResponseDataHandlingSpec.swift */; };
		DA336E531B2E6DDB006F702A /* Siesta.h in Headers */ = {isa = PBXBuildFile; fileRef = DA336E521B2E6DDB006F702A /* Siesta.h */; settings = {ATTRIBUTES = (Public, ); }; };
		DA336E5A1B2E6DDB006F702A /* Siesta.framework in Frameworks */ = {isa = PBXBuildFile; fileRef = DA336E4F1B2E6DDB006F702A /* Siesta.framework */; };
		DA336E711B2F6659006F702A /* Service.swift in Sources */ = {isa = PBXBuildFile; fileRef = DA336E701B2F6659006F702A /* Service.swift */; };
		DA3FBD9B1B55917600161A25 /* Siesta-ObjC.swift in Sources */ = {isa = PBXBuildFile; fileRef = DA3FBD9A1B55917600161A25 /* Siesta-ObjC.swift */; };
		DA3FBDB11B55BF0E00161A25 /* Logging.swift in Sources */ = {isa = PBXBuildFile; fileRef = DA3FBDB01B55BF0E00161A25 /* Logging.swift */; };
		DA3FD66C1D0DF5DE00C75742 /* PipelineConfiguration.swift in Sources */ = {isa = PBXBuildFile; fileRef = DACE0BAD1D0201F800607F3E /* PipelineConfiguration.swift */; };
		DA3FD66D1D0DF65B00C75742 /* PipelineConfiguration.swift in Sources */ = {isa = PBXBuildFile; fileRef = DACE0BAD1D0201F800607F3E /* PipelineConfiguration.swift */; };
		DA3FD66E1D0DF67E00C75742 /* OpenEnum.swift in Sources */ = {isa = PBXBuildFile; fileRef = DACE0BAF1D02046500607F3E /* OpenEnum.swift */; };
		DA4353521B6AD63C00543843 /* Networking.swift in Sources */ = {isa = PBXBuildFile; fileRef = DA4353511B6AD63C00543843 /* Networking.swift */; };
		DA49EA7C1B35FE5F00AE1B8F /* ServiceSpec.swift in Sources */ = {isa = PBXBuildFile; fileRef = DA49EA7B1B35FE5F00AE1B8F /* ServiceSpec.swift */; };
		DA49EA7E1B35FE7E00AE1B8F /* ResourceSpecBase.swift in Sources */ = {isa = PBXBuildFile; fileRef = DA49EA7D1B35FE7E00AE1B8F /* ResourceSpecBase.swift */; };
		DA49EA801B36174700AE1B8F /* SpecHelpers.swift in Sources */ = {isa = PBXBuildFile; fileRef = DA49EA7F1B36174700AE1B8F /* SpecHelpers.swift */; };
		DA4D619B1B7521EE00F6BB9C /* TestService.swift in Sources */ = {isa = PBXBuildFile; fileRef = DA4D61991B7521B900F6BB9C /* TestService.swift */; };
		DA507ADA1D9CD05F00B5F5BF /* Siesta.framework in Frameworks */ = {isa = PBXBuildFile; fileRef = 9F2FB51E1C28645E0068DFFA /* Siesta.framework */; };
		DA5EC2741B91E39000DC33C8 /* Networking-URLSession.swift in Sources */ = {isa = PBXBuildFile; fileRef = DA5EC2731B91E39000DC33C8 /* Networking-URLSession.swift */; };
		DA5FE9F41BB9E3EF00B6688A /* Progress.swift in Sources */ = {isa = PBXBuildFile; fileRef = DA5FE9F31BB9E3EF00B6688A /* Progress.swift */; };
		DA6022841D65591500FB5673 /* SiestaUI.h in Headers */ = {isa = PBXBuildFile; fileRef = DA6022801D65590800FB5673 /* SiestaUI.h */; settings = {ATTRIBUTES = (Public, ); }; };
		DA6022851D65591600FB5673 /* SiestaUI.h in Headers */ = {isa = PBXBuildFile; fileRef = DA6022801D65590800FB5673 /* SiestaUI.h */; settings = {ATTRIBUTES = (Public, ); }; };
		DA60F5F51B2F723900D76DC6 /* Nimble.framework in Frameworks */ = {isa = PBXBuildFile; fileRef = DA0B49961B2F68DC00BFBF38 /* Nimble.framework */; };
		DA60F5F91B2F729300D76DC6 /* Nimble.framework in CopyFiles */ = {isa = PBXBuildFile; fileRef = DA0B49961B2F68DC00BFBF38 /* Nimble.framework */; settings = {ATTRIBUTES = (CodeSignOnCopy, RemoveHeadersOnCopy, ); }; };
		DA60F5FA1B2F729300D76DC6 /* Quick.framework in CopyFiles */ = {isa = PBXBuildFile; fileRef = DA0B49971B2F68DC00BFBF38 /* Quick.framework */; settings = {ATTRIBUTES = (CodeSignOnCopy, RemoveHeadersOnCopy, ); }; };
		DA60F5FC1B30B2F800D76DC6 /* Resource.swift in Sources */ = {isa = PBXBuildFile; fileRef = DA60F5FB1B30B2F800D76DC6 /* Resource.swift */; };
		DA612E451B38AD2100DE9A9F /* Nocilla.framework in Frameworks */ = {isa = PBXBuildFile; fileRef = DA612E441B38AD2100DE9A9F /* Nocilla.framework */; };
		DA612E461B38AD3F00DE9A9F /* Nocilla.framework in CopyFiles */ = {isa = PBXBuildFile; fileRef = DA612E441B38AD2100DE9A9F /* Nocilla.framework */; settings = {ATTRIBUTES = (CodeSignOnCopy, RemoveHeadersOnCopy, ); }; };
		DA612E471B38AD6400DE9A9F /* Alamofire.framework in CopyFiles */ = {isa = PBXBuildFile; fileRef = DA612E421B38AD1000DE9A9F /* Alamofire.framework */; settings = {ATTRIBUTES = (CodeSignOnCopy, RemoveHeadersOnCopy, ); }; };
		DA612E4A1B38ADBA00DE9A9F /* Alamofire.framework in Frameworks */ = {isa = PBXBuildFile; fileRef = DA612E421B38AD1000DE9A9F /* Alamofire.framework */; };
		DA7285E61D0DF2D900132CD9 /* OpenEnum.swift in Sources */ = {isa = PBXBuildFile; fileRef = DACE0BAF1D02046500607F3E /* OpenEnum.swift */; };
		DA7285E71D0DF46600132CD9 /* PipelineSpec.swift in Sources */ = {isa = PBXBuildFile; fileRef = DAD191001D0394E300304193 /* PipelineSpec.swift */; };
		DA788A8E1D6AC1580085C820 /* ObjcCompatibilitySpec.m in Sources */ = {isa = PBXBuildFile; fileRef = DA4D61971B751FEE00F6BB9C /* ObjcCompatibilitySpec.m */; };
		DA788A8F1D6AC1590085C820 /* ObjcCompatibilitySpec.m in Sources */ = {isa = PBXBuildFile; fileRef = DA4D61971B751FEE00F6BB9C /* ObjcCompatibilitySpec.m */; };
		DA7D05C41D57C2B500431980 /* PipelineProcessing.swift in Sources */ = {isa = PBXBuildFile; fileRef = DA7D05C31D57C2B500431980 /* PipelineProcessing.swift */; };
		DA7D05C51D57C30400431980 /* PipelineProcessing.swift in Sources */ = {isa = PBXBuildFile; fileRef = DA7D05C31D57C2B500431980 /* PipelineProcessing.swift */; };
		DA8EF6D11BC20AFE002175EB /* ProgressSpec.swift in Sources */ = {isa = PBXBuildFile; fileRef = DA8EF6CF1BC1A917002175EB /* ProgressSpec.swift */; };
		DA99B5C91B38C8E6009C6937 /* String+Siesta.swift in Sources */ = {isa = PBXBuildFile; fileRef = DA99B5C81B38C8E6009C6937 /* String+Siesta.swift */; };
		DA9AA8151CCAFDD20016DB18 /* ConfigurationPatternConvertible.swift in Sources */ = {isa = PBXBuildFile; fileRef = DA9AA8141CCAFDD20016DB18 /* ConfigurationPatternConvertible.swift */; };
		DA9F4BDC1B3DFE3700E8966F /* WeakCache.swift in Sources */ = {isa = PBXBuildFile; fileRef = DA9F4BDB1B3DFE3700E8966F /* WeakCache.swift */; };
		DA9F4BDE1B3F8E2E00E8966F /* WeakCacheSpec.swift in Sources */ = {isa = PBXBuildFile; fileRef = DA9F4BDD1B3F8E2E00E8966F /* WeakCacheSpec.swift */; };
		DA9F4BE01B41C9CC00E8966F /* ResourceObserver.swift in Sources */ = {isa = PBXBuildFile; fileRef = DA9F4BDF1B41C9CC00E8966F /* ResourceObserver.swift */; };
		DA9F7B1F1B8BC3B000A604C3 /* EntityCache.swift in Sources */ = {isa = PBXBuildFile; fileRef = DA9F7B1E1B8BC3B000A604C3 /* EntityCache.swift */; };
		DAAB482A1B5D7B770059C047 /* Request.swift in Sources */ = {isa = PBXBuildFile; fileRef = DAAB48291B5D7B770059C047 /* Request.swift */; };
		DAADA6B91B76F6E7009A3EF5 /* Configuration.swift in Sources */ = {isa = PBXBuildFile; fileRef = DAADA6B81B76F6E7009A3EF5 /* Configuration.swift */; };
		DAC0B3731D63880600D25C44 /* ResourceNavigation.swift in Sources */ = {isa = PBXBuildFile; fileRef = DAC0B3721D63880600D25C44 /* ResourceNavigation.swift */; };
		DAC0B3741D63880600D25C44 /* ResourceNavigation.swift in Sources */ = {isa = PBXBuildFile; fileRef = DAC0B3721D63880600D25C44 /* ResourceNavigation.swift */; };
		DAC0B3941D651CB500D25C44 /* ResourceStatusOverlay.swift in Sources */ = {isa = PBXBuildFile; fileRef = DAE490991B4E51C1004D97D6 /* ResourceStatusOverlay.swift */; };
		DAC0B39A1D651CB500D25C44 /* RemoteImageView.swift in Sources */ = {isa = PBXBuildFile; fileRef = DAE96F791B8ECB3D00506AE7 /* RemoteImageView.swift */; };
		DAC0B3A61D651CB500D25C44 /* ResourceStatusOverlay.xib in Resources */ = {isa = PBXBuildFile; fileRef = DAE4909A1B4E51C1004D97D6 /* ResourceStatusOverlay.xib */; };
		DAC0B3DA1D6529BA00D25C44 /* SiestaUI-ObjC.swift in Sources */ = {isa = PBXBuildFile; fileRef = DAC0B3D81D6529A900D25C44 /* SiestaUI-ObjC.swift */; };
		DAC0B3DE1D652AD300D25C44 /* Collection+Siesta.swift in Sources */ = {isa = PBXBuildFile; fileRef = DAC0B3DD1D652AD300D25C44 /* Collection+Siesta.swift */; };
		DAC0CE691B4A39B0004FBB4B /* ResourcePathsSpec.swift in Sources */ = {isa = PBXBuildFile; fileRef = DAC0CE681B4A39B0004FBB4B /* ResourcePathsSpec.swift */; };
		DAC0CE6B1B4A3A9D004FBB4B /* ResourceStateSpec.swift in Sources */ = {isa = PBXBuildFile; fileRef = DAC0CE6A1B4A3A9D004FBB4B /* ResourceStateSpec.swift */; };
		DAC0CE6D1B4A3ADA004FBB4B /* ResourceObserversSpec.swift in Sources */ = {isa = PBXBuildFile; fileRef = DAC0CE6C1B4A3ADA004FBB4B /* ResourceObserversSpec.swift */; };
		DAC4CFCE1DAC10FD00EECEDE /* SiestaUI.framework in Frameworks */ = {isa = PBXBuildFile; fileRef = DAC0B3D61D651CC700D25C44 /* SiestaUI.framework */; };
		DAC4CFCF1DAC110500EECEDE /* SiestaUI.framework in Frameworks */ = {isa = PBXBuildFile; fileRef = DAC0B3AA1D651CB500D25C44 /* SiestaUI.framework */; };
		DACD23401D60D0FE00848C04 /* RequestSpec.swift in Sources */ = {isa = PBXBuildFile; fileRef = DACD233E1D60CE0400848C04 /* RequestSpec.swift */; };
		DACD23411D60D0FF00848C04 /* RequestSpec.swift in Sources */ = {isa = PBXBuildFile; fileRef = DACD233E1D60CE0400848C04 /* RequestSpec.swift */; };
		DACD23431D6105B600848C04 /* RequestChaining.swift in Sources */ = {isa = PBXBuildFile; fileRef = DACD23421D6105B600848C04 /* RequestChaining.swift */; };
		DACD23441D6105E600848C04 /* RequestChaining.swift in Sources */ = {isa = PBXBuildFile; fileRef = DACD23421D6105B600848C04 /* RequestChaining.swift */; };
		DACD23461D618CE300848C04 /* Ω_Deprecations.swift in Sources */ = {isa = PBXBuildFile; fileRef = DACD23451D618CE300848C04 /* Ω_Deprecations.swift */; };
		DACD23471D618CE300848C04 /* Ω_Deprecations.swift in Sources */ = {isa = PBXBuildFile; fileRef = DACD23451D618CE300848C04 /* Ω_Deprecations.swift */; };
		DAD191021D03950100304193 /* PipelineSpec.swift in Sources */ = {isa = PBXBuildFile; fileRef = DAD191001D0394E300304193 /* PipelineSpec.swift */; };
		DAE96F7C1B8ED11400506AE7 /* GCD+Siesta.swift in Sources */ = {isa = PBXBuildFile; fileRef = DAE96F7B1B8ED11400506AE7 /* GCD+Siesta.swift */; };
		DAFA42031C20AF940020AC5E /* RequestCallbacks.swift in Sources */ = {isa = PBXBuildFile; fileRef = DAFA42021C20AF940020AC5E /* RequestCallbacks.swift */; };
		DAFA42051C20AFCF0020AC5E /* ProgressTracker.swift in Sources */ = {isa = PBXBuildFile; fileRef = DAFA42041C20AFCF0020AC5E /* ProgressTracker.swift */; };
		DAFA42071C20B0E50020AC5E /* NetworkRequest.swift in Sources */ = {isa = PBXBuildFile; fileRef = DAFA42061C20B0E50020AC5E /* NetworkRequest.swift */; };
		DAFA42091C20B10F0020AC5E /* RequestCreation.swift in Sources */ = {isa = PBXBuildFile; fileRef = DAFA42081C20B10F0020AC5E /* RequestCreation.swift */; };
		DAFA4BB11B8377B300EFF117 /* DebugFormatting.swift in Sources */ = {isa = PBXBuildFile; fileRef = DAFA4BB01B8377B300EFF117 /* DebugFormatting.swift */; };
		DAFA89281B8172920090D283 /* SiestaSpec.swift in Sources */ = {isa = PBXBuildFile; fileRef = DAFA89271B8172920090D283 /* SiestaSpec.swift */; };
		DAFB3C4D1B3DEFC2009CF96C /* Entity.swift in Sources */ = {isa = PBXBuildFile; fileRef = DAFB3C4C1B3DEFC2009CF96C /* Entity.swift */; };
		DAFB3C4F1B3DEFE8009CF96C /* RequestError.swift in Sources */ = {isa = PBXBuildFile; fileRef = DAFB3C4E1B3DEFE8009CF96C /* RequestError.swift */; };
		DAFFA2221DDBA86F00F0EE2A /* Ω_UI_Deprecations.swift in Sources */ = {isa = PBXBuildFile; fileRef = DAFFA2201DDBA7FF00F0EE2A /* Ω_UI_Deprecations.swift */; };
/* End PBXBuildFile section */

/* Begin PBXContainerItemProxy section */
		9F0FAFAE1D033FE800CE1B61 /* PBXContainerItemProxy */ = {
			isa = PBXContainerItemProxy;
			containerPortal = DA336E461B2E6DDB006F702A /* Project object */;
			proxyType = 1;
			remoteGlobalIDString = 9F2FB51D1C28645E0068DFFA;
			remoteInfo = "Siesta macOS";
		};
		DA336E5B1B2E6DDB006F702A /* PBXContainerItemProxy */ = {
			isa = PBXContainerItemProxy;
			containerPortal = DA336E461B2E6DDB006F702A /* Project object */;
			proxyType = 1;
			remoteGlobalIDString = DA336E4E1B2E6DDB006F702A;
			remoteInfo = Siesta;
		};
		DA507ADB1D9CD07D00B5F5BF /* PBXContainerItemProxy */ = {
			isa = PBXContainerItemProxy;
			containerPortal = DA336E461B2E6DDB006F702A /* Project object */;
			proxyType = 1;
			remoteGlobalIDString = 9F2FB51D1C28645E0068DFFA;
			remoteInfo = "Siesta macOS";
		};
		DAC4CFCA1DAC10EC00EECEDE /* PBXContainerItemProxy */ = {
			isa = PBXContainerItemProxy;
			containerPortal = DA336E461B2E6DDB006F702A /* Project object */;
			proxyType = 1;
			remoteGlobalIDString = DAC0B37D1D651CB500D25C44;
			remoteInfo = "SiestaUI iOS";
		};
		DAC4CFCC1DAC10F500EECEDE /* PBXContainerItemProxy */ = {
			isa = PBXContainerItemProxy;
			containerPortal = DA336E461B2E6DDB006F702A /* Project object */;
			proxyType = 1;
			remoteGlobalIDString = DAC0B3AC1D651CC700D25C44;
			remoteInfo = "SiestaUI macOS";
		};
		DACD89521D65359E00045E01 /* PBXContainerItemProxy */ = {
			isa = PBXContainerItemProxy;
			containerPortal = DA336E461B2E6DDB006F702A /* Project object */;
			proxyType = 1;
			remoteGlobalIDString = DA336E4E1B2E6DDB006F702A;
			remoteInfo = "Siesta iOS";
		};
		DACD89541D6535A300045E01 /* PBXContainerItemProxy */ = {
			isa = PBXContainerItemProxy;
			containerPortal = DA336E461B2E6DDB006F702A /* Project object */;
			proxyType = 1;
			remoteGlobalIDString = 9F2FB51D1C28645E0068DFFA;
			remoteInfo = "Siesta macOS";
		};
/* End PBXContainerItemProxy section */

/* Begin PBXCopyFilesBuildPhase section */
		9F0FAFA41D033FCD00CE1B61 /* CopyFiles */ = {
			isa = PBXCopyFilesBuildPhase;
			buildActionMask = 2147483647;
			dstPath = "";
			dstSubfolderSpec = 10;
			files = (
				9F0FB0571D04184F00CE1B61 /* Alamofire.framework in CopyFiles */,
				9F0FB0581D04184F00CE1B61 /* Nimble.framework in CopyFiles */,
				9F0FB0591D04184F00CE1B61 /* Nocilla.framework in CopyFiles */,
				9F0FB05A1D04184F00CE1B61 /* Quick.framework in CopyFiles */,
			);
			runOnlyForDeploymentPostprocessing = 0;
		};
		DA19D0661D9ADC1800D15F3A /* CopyFiles */ = {
			isa = PBXCopyFilesBuildPhase;
			buildActionMask = 2147483647;
			dstPath = "";
			dstSubfolderSpec = 10;
			files = (
			);
			runOnlyForDeploymentPostprocessing = 0;
		};
		DA60F5F81B2F728900D76DC6 /* CopyFiles */ = {
			isa = PBXCopyFilesBuildPhase;
			buildActionMask = 2147483647;
			dstPath = "";
			dstSubfolderSpec = 10;
			files = (
				DA60F5F91B2F729300D76DC6 /* Nimble.framework in CopyFiles */,
				DA60F5FA1B2F729300D76DC6 /* Quick.framework in CopyFiles */,
				DA612E461B38AD3F00DE9A9F /* Nocilla.framework in CopyFiles */,
				DA612E471B38AD6400DE9A9F /* Alamofire.framework in CopyFiles */,
			);
			runOnlyForDeploymentPostprocessing = 0;
		};
/* End PBXCopyFilesBuildPhase section */

/* Begin PBXFileReference section */
		00B394481DC5FD67002CD5B7 /* NetworkActivityIndicator.swift */ = {isa = PBXFileReference; fileEncoding = 4; lastKnownFileType = sourcecode.swift; path = NetworkActivityIndicator.swift; sourceTree = "<group>"; };
		570C77E01D38463200226F92 /* ReactiveCocoa.framework */ = {isa = PBXFileReference; lastKnownFileType = wrapper.framework; name = ReactiveCocoa.framework; path = Carthage/Build/iOS/ReactiveCocoa.framework; sourceTree = "<group>"; };
		570C77E31D38466900226F92 /* ReactiveCocoa.framework */ = {isa = PBXFileReference; lastKnownFileType = wrapper.framework; name = ReactiveCocoa.framework; path = Carthage/Build/Mac/ReactiveCocoa.framework; sourceTree = "<group>"; };
		570C77E51D38468A00226F92 /* Result.framework */ = {isa = PBXFileReference; lastKnownFileType = wrapper.framework; name = Result.framework; path = Carthage/Build/Mac/Result.framework; sourceTree = "<group>"; };
		570C77E71D3846A800226F92 /* Result.framework */ = {isa = PBXFileReference; lastKnownFileType = wrapper.framework; name = Result.framework; path = Carthage/Build/iOS/Result.framework; sourceTree = "<group>"; };
		574156971D393B11009A2EC8 /* Siesta+ReactiveCocoa.swift */ = {isa = PBXFileReference; fileEncoding = 4; lastKnownFileType = sourcecode.swift; path = "Siesta+ReactiveCocoa.swift"; sourceTree = "<group>"; };
		9F0FAFAC1D033FCD00CE1B61 /* SiestaTests.xctest */ = {isa = PBXFileReference; explicitFileType = wrapper.cfbundle; includeInIndex = 0; path = SiestaTests.xctest; sourceTree = BUILT_PRODUCTS_DIR; };
		9F0FAFAD1D033FCD00CE1B61 /* Info-macOS.plist */ = {isa = PBXFileReference; lastKnownFileType = text.plist.xml; path = "Info-macOS.plist"; sourceTree = "<group>"; };
		9F0FB0531D04184F00CE1B61 /* Alamofire.framework */ = {isa = PBXFileReference; lastKnownFileType = wrapper.framework; name = Alamofire.framework; path = Carthage/Build/Mac/Alamofire.framework; sourceTree = "<group>"; };
		9F0FB0541D04184F00CE1B61 /* Nimble.framework */ = {isa = PBXFileReference; lastKnownFileType = wrapper.framework; name = Nimble.framework; path = Carthage/Build/Mac/Nimble.framework; sourceTree = "<group>"; };
		9F0FB0551D04184F00CE1B61 /* Nocilla.framework */ = {isa = PBXFileReference; lastKnownFileType = wrapper.framework; name = Nocilla.framework; path = Carthage/Build/Mac/Nocilla.framework; sourceTree = "<group>"; };
		9F0FB0561D04184F00CE1B61 /* Quick.framework */ = {isa = PBXFileReference; lastKnownFileType = wrapper.framework; name = Quick.framework; path = Carthage/Build/Mac/Quick.framework; sourceTree = "<group>"; };
		9F2FB51E1C28645E0068DFFA /* Siesta.framework */ = {isa = PBXFileReference; explicitFileType = wrapper.framework; includeInIndex = 0; path = Siesta.framework; sourceTree = BUILT_PRODUCTS_DIR; };
		9F2FB5221C28645E0068DFFA /* Info-macOS.plist */ = {isa = PBXFileReference; lastKnownFileType = text.plist.xml; name = "Info-macOS.plist"; path = "Source/Info-macOS.plist"; sourceTree = SOURCE_ROOT; };
		DA0AB90A1B5B5DD9006A3067 /* ARC+Siesta.swift */ = {isa = PBXFileReference; fileEncoding = 4; lastKnownFileType = sourcecode.swift; path = "ARC+Siesta.swift"; sourceTree = "<group>"; };
		DA0AB90C1B5C0090006A3067 /* Collection+Siesta.swift */ = {isa = PBXFileReference; fileEncoding = 4; lastKnownFileType = sourcecode.swift; path = "Collection+Siesta.swift"; sourceTree = "<group>"; };
		DA0B49961B2F68DC00BFBF38 /* Nimble.framework */ = {isa = PBXFileReference; lastKnownFileType = wrapper.framework; name = Nimble.framework; path = Carthage/Build/iOS/Nimble.framework; sourceTree = "<group>"; };
		DA0B49971B2F68DC00BFBF38 /* Quick.framework */ = {isa = PBXFileReference; lastKnownFileType = wrapper.framework; name = Quick.framework; path = Carthage/Build/iOS/Quick.framework; sourceTree = "<group>"; };
		DA19D06E1D9ADC1800D15F3A /* SiestaPerformanceTests macOS.xctest */ = {isa = PBXFileReference; explicitFileType = wrapper.cfbundle; includeInIndex = 0; path = "SiestaPerformanceTests macOS.xctest"; sourceTree = BUILT_PRODUCTS_DIR; };
		DA19D0731D9ADDC900D15F3A /* PerformanceTests.swift */ = {isa = PBXFileReference; fileEncoding = 4; lastKnownFileType = sourcecode.swift; path = PerformanceTests.swift; sourceTree = "<group>"; };
		DA2846491B59EF9F004BD535 /* URL+Siesta.swift */ = {isa = PBXFileReference; fileEncoding = 4; lastKnownFileType = sourcecode.swift; path = "URL+Siesta.swift"; sourceTree = "<group>"; };
		DA2FF1051C0F97F600C98FF1 /* Networking-Alamofire.swift */ = {isa = PBXFileReference; fileEncoding = 4; lastKnownFileType = sourcecode.swift; path = "Networking-Alamofire.swift"; sourceTree = "<group>"; };
		DA33142A1B4DA04900A7A175 /* ResponseTransformer.swift */ = {isa = PBXFileReference; fileEncoding = 4; lastKnownFileType = sourcecode.swift; path = ResponseTransformer.swift; sourceTree = "<group>"; };
		DA33142E1B4DBADA00A7A175 /* Regex+Siesta.swift */ = {isa = PBXFileReference; fileEncoding = 4; lastKnownFileType = sourcecode.swift; path = "Regex+Siesta.swift"; sourceTree = "<group>"; };
		DA3314301B4DC11900A7A175 /* ResponseDataHandlingSpec.swift */ = {isa = PBXFileReference; fileEncoding = 4; lastKnownFileType = sourcecode.swift; path = ResponseDataHandlingSpec.swift; sourceTree = "<group>"; };
		DA336E4F1B2E6DDB006F702A /* Siesta.framework */ = {isa = PBXFileReference; explicitFileType = wrapper.framework; includeInIndex = 0; path = Siesta.framework; sourceTree = BUILT_PRODUCTS_DIR; };
		DA336E521B2E6DDB006F702A /* Siesta.h */ = {isa = PBXFileReference; lastKnownFileType = sourcecode.c.h; path = Siesta.h; sourceTree = "<group>"; };
		DA336E541B2E6DDB006F702A /* Info-iOS.plist */ = {isa = PBXFileReference; lastKnownFileType = text.plist.xml; name = "Info-iOS.plist"; path = "Source/Info-iOS.plist"; sourceTree = SOURCE_ROOT; };
		DA336E591B2E6DDB006F702A /* SiestaTests.xctest */ = {isa = PBXFileReference; explicitFileType = wrapper.cfbundle; includeInIndex = 0; path = SiestaTests.xctest; sourceTree = BUILT_PRODUCTS_DIR; };
		DA336E601B2E6DDB006F702A /* Info-iOS.plist */ = {isa = PBXFileReference; lastKnownFileType = text.plist.xml; path = "Info-iOS.plist"; sourceTree = "<group>"; };
		DA336E701B2F6659006F702A /* Service.swift */ = {isa = PBXFileReference; fileEncoding = 4; lastKnownFileType = sourcecode.swift; path = Service.swift; sourceTree = "<group>"; };
		DA3FBD9A1B55917600161A25 /* Siesta-ObjC.swift */ = {isa = PBXFileReference; fileEncoding = 4; lastKnownFileType = sourcecode.swift; path = "Siesta-ObjC.swift"; sourceTree = "<group>"; };
		DA3FBDB01B55BF0E00161A25 /* Logging.swift */ = {isa = PBXFileReference; fileEncoding = 4; lastKnownFileType = sourcecode.swift; path = Logging.swift; sourceTree = "<group>"; };
		DA4353511B6AD63C00543843 /* Networking.swift */ = {isa = PBXFileReference; fileEncoding = 4; lastKnownFileType = sourcecode.swift; path = Networking.swift; sourceTree = "<group>"; };
		DA49EA7B1B35FE5F00AE1B8F /* ServiceSpec.swift */ = {isa = PBXFileReference; fileEncoding = 4; lastKnownFileType = sourcecode.swift; path = ServiceSpec.swift; sourceTree = "<group>"; };
		DA49EA7D1B35FE7E00AE1B8F /* ResourceSpecBase.swift */ = {isa = PBXFileReference; fileEncoding = 4; lastKnownFileType = sourcecode.swift; path = ResourceSpecBase.swift; sourceTree = "<group>"; };
		DA49EA7F1B36174700AE1B8F /* SpecHelpers.swift */ = {isa = PBXFileReference; fileEncoding = 4; lastKnownFileType = sourcecode.swift; path = SpecHelpers.swift; sourceTree = "<group>"; };
		DA4D61971B751FEE00F6BB9C /* ObjcCompatibilitySpec.m */ = {isa = PBXFileReference; fileEncoding = 4; lastKnownFileType = sourcecode.c.objc; path = ObjcCompatibilitySpec.m; sourceTree = "<group>"; };
		DA4D61991B7521B900F6BB9C /* TestService.swift */ = {isa = PBXFileReference; fileEncoding = 4; lastKnownFileType = sourcecode.swift; path = TestService.swift; sourceTree = "<group>"; };
		DA5EC2731B91E39000DC33C8 /* Networking-URLSession.swift */ = {isa = PBXFileReference; fileEncoding = 4; lastKnownFileType = sourcecode.swift; path = "Networking-URLSession.swift"; sourceTree = "<group>"; };
		DA5FE9F31BB9E3EF00B6688A /* Progress.swift */ = {isa = PBXFileReference; fileEncoding = 4; lastKnownFileType = sourcecode.swift; path = Progress.swift; sourceTree = "<group>"; };
		DA6022801D65590800FB5673 /* SiestaUI.h */ = {isa = PBXFileReference; lastKnownFileType = sourcecode.c.h; path = SiestaUI.h; sourceTree = "<group>"; };
		DA60F5FB1B30B2F800D76DC6 /* Resource.swift */ = {isa = PBXFileReference; fileEncoding = 4; lastKnownFileType = sourcecode.swift; path = Resource.swift; sourceTree = "<group>"; };
		DA612E421B38AD1000DE9A9F /* Alamofire.framework */ = {isa = PBXFileReference; lastKnownFileType = wrapper.framework; name = Alamofire.framework; path = Carthage/Build/iOS/Alamofire.framework; sourceTree = "<group>"; };
		DA612E441B38AD2100DE9A9F /* Nocilla.framework */ = {isa = PBXFileReference; lastKnownFileType = wrapper.framework; name = Nocilla.framework; path = Carthage/Build/iOS/Nocilla.framework; sourceTree = "<group>"; };
		DA7D05C31D57C2B500431980 /* PipelineProcessing.swift */ = {isa = PBXFileReference; fileEncoding = 4; lastKnownFileType = sourcecode.swift; path = PipelineProcessing.swift; sourceTree = "<group>"; };
		DA8EF6CF1BC1A917002175EB /* ProgressSpec.swift */ = {isa = PBXFileReference; fileEncoding = 4; lastKnownFileType = sourcecode.swift; path = ProgressSpec.swift; sourceTree = "<group>"; };
		DA99B5C81B38C8E6009C6937 /* String+Siesta.swift */ = {isa = PBXFileReference; fileEncoding = 4; lastKnownFileType = sourcecode.swift; path = "String+Siesta.swift"; sourceTree = "<group>"; };
		DA9AA8141CCAFDD20016DB18 /* ConfigurationPatternConvertible.swift */ = {isa = PBXFileReference; fileEncoding = 4; lastKnownFileType = sourcecode.swift; path = ConfigurationPatternConvertible.swift; sourceTree = "<group>"; };
		DA9F4BDB1B3DFE3700E8966F /* WeakCache.swift */ = {isa = PBXFileReference; fileEncoding = 4; lastKnownFileType = sourcecode.swift; path = WeakCache.swift; sourceTree = "<group>"; };
		DA9F4BDD1B3F8E2E00E8966F /* WeakCacheSpec.swift */ = {isa = PBXFileReference; fileEncoding = 4; lastKnownFileType = sourcecode.swift; path = WeakCacheSpec.swift; sourceTree = "<group>"; };
		DA9F4BDF1B41C9CC00E8966F /* ResourceObserver.swift */ = {isa = PBXFileReference; fileEncoding = 4; lastKnownFileType = sourcecode.swift; path = ResourceObserver.swift; sourceTree = "<group>"; };
		DA9F7B1E1B8BC3B000A604C3 /* EntityCache.swift */ = {isa = PBXFileReference; fileEncoding = 4; lastKnownFileType = sourcecode.swift; path = EntityCache.swift; sourceTree = "<group>"; };
		DAAB48291B5D7B770059C047 /* Request.swift */ = {isa = PBXFileReference; fileEncoding = 4; lastKnownFileType = sourcecode.swift; path = Request.swift; sourceTree = "<group>"; };
		DAADA6B81B76F6E7009A3EF5 /* Configuration.swift */ = {isa = PBXFileReference; fileEncoding = 4; lastKnownFileType = sourcecode.swift; path = Configuration.swift; sourceTree = "<group>"; };
		DAC0B3721D63880600D25C44 /* ResourceNavigation.swift */ = {isa = PBXFileReference; fileEncoding = 4; lastKnownFileType = sourcecode.swift; path = ResourceNavigation.swift; sourceTree = "<group>"; };
		DAC0B3AA1D651CB500D25C44 /* SiestaUI.framework */ = {isa = PBXFileReference; explicitFileType = wrapper.framework; includeInIndex = 0; path = SiestaUI.framework; sourceTree = BUILT_PRODUCTS_DIR; };
		DAC0B3D61D651CC700D25C44 /* SiestaUI.framework */ = {isa = PBXFileReference; explicitFileType = wrapper.framework; includeInIndex = 0; path = SiestaUI.framework; sourceTree = BUILT_PRODUCTS_DIR; };
		DAC0B3D81D6529A900D25C44 /* SiestaUI-ObjC.swift */ = {isa = PBXFileReference; fileEncoding = 4; lastKnownFileType = sourcecode.swift; path = "SiestaUI-ObjC.swift"; sourceTree = "<group>"; };
		DAC0B3DD1D652AD300D25C44 /* Collection+Siesta.swift */ = {isa = PBXFileReference; fileEncoding = 4; lastKnownFileType = sourcecode.swift; name = "Collection+Siesta.swift"; path = "Source/Siesta/Support/Collection+Siesta.swift"; sourceTree = SOURCE_ROOT; };
		DAC0CE681B4A39B0004FBB4B /* ResourcePathsSpec.swift */ = {isa = PBXFileReference; fileEncoding = 4; lastKnownFileType = sourcecode.swift; path = ResourcePathsSpec.swift; sourceTree = "<group>"; };
		DAC0CE6A1B4A3A9D004FBB4B /* ResourceStateSpec.swift */ = {isa = PBXFileReference; fileEncoding = 4; lastKnownFileType = sourcecode.swift; path = ResourceStateSpec.swift; sourceTree = "<group>"; };
		DAC0CE6C1B4A3ADA004FBB4B /* ResourceObserversSpec.swift */ = {isa = PBXFileReference; fileEncoding = 4; lastKnownFileType = sourcecode.swift; path = ResourceObserversSpec.swift; sourceTree = "<group>"; };
		DACD233E1D60CE0400848C04 /* RequestSpec.swift */ = {isa = PBXFileReference; fileEncoding = 4; lastKnownFileType = sourcecode.swift; path = RequestSpec.swift; sourceTree = "<group>"; };
		DACD23421D6105B600848C04 /* RequestChaining.swift */ = {isa = PBXFileReference; fileEncoding = 4; lastKnownFileType = sourcecode.swift; path = RequestChaining.swift; sourceTree = "<group>"; };
		DACD23451D618CE300848C04 /* Ω_Deprecations.swift */ = {isa = PBXFileReference; fileEncoding = 4; lastKnownFileType = sourcecode.swift; path = "Ω_Deprecations.swift"; sourceTree = "<group>"; };
		DACE0BAD1D0201F800607F3E /* PipelineConfiguration.swift */ = {isa = PBXFileReference; fileEncoding = 4; lastKnownFileType = sourcecode.swift; path = PipelineConfiguration.swift; sourceTree = "<group>"; };
		DACE0BAF1D02046500607F3E /* OpenEnum.swift */ = {isa = PBXFileReference; fileEncoding = 4; lastKnownFileType = sourcecode.swift; path = OpenEnum.swift; sourceTree = "<group>"; };
		DAD191001D0394E300304193 /* PipelineSpec.swift */ = {isa = PBXFileReference; fileEncoding = 4; lastKnownFileType = sourcecode.swift; path = PipelineSpec.swift; sourceTree = "<group>"; };
		DAE490991B4E51C1004D97D6 /* ResourceStatusOverlay.swift */ = {isa = PBXFileReference; fileEncoding = 4; lastKnownFileType = sourcecode.swift; path = ResourceStatusOverlay.swift; sourceTree = "<group>"; };
		DAE4909A1B4E51C1004D97D6 /* ResourceStatusOverlay.xib */ = {isa = PBXFileReference; fileEncoding = 4; lastKnownFileType = file.xib; path = ResourceStatusOverlay.xib; sourceTree = "<group>"; };
		DAE96F791B8ECB3D00506AE7 /* RemoteImageView.swift */ = {isa = PBXFileReference; fileEncoding = 4; lastKnownFileType = sourcecode.swift; path = RemoteImageView.swift; sourceTree = "<group>"; };
		DAE96F7B1B8ED11400506AE7 /* GCD+Siesta.swift */ = {isa = PBXFileReference; fileEncoding = 4; lastKnownFileType = sourcecode.swift; path = "GCD+Siesta.swift"; sourceTree = "<group>"; };
		DAFA42021C20AF940020AC5E /* RequestCallbacks.swift */ = {isa = PBXFileReference; fileEncoding = 4; lastKnownFileType = sourcecode.swift; path = RequestCallbacks.swift; sourceTree = "<group>"; };
		DAFA42041C20AFCF0020AC5E /* ProgressTracker.swift */ = {isa = PBXFileReference; fileEncoding = 4; lastKnownFileType = sourcecode.swift; path = ProgressTracker.swift; sourceTree = "<group>"; };
		DAFA42061C20B0E50020AC5E /* NetworkRequest.swift */ = {isa = PBXFileReference; fileEncoding = 4; lastKnownFileType = sourcecode.swift; path = NetworkRequest.swift; sourceTree = "<group>"; };
		DAFA42081C20B10F0020AC5E /* RequestCreation.swift */ = {isa = PBXFileReference; fileEncoding = 4; lastKnownFileType = sourcecode.swift; path = RequestCreation.swift; sourceTree = "<group>"; };
		DAFA4BB01B8377B300EFF117 /* DebugFormatting.swift */ = {isa = PBXFileReference; fileEncoding = 4; lastKnownFileType = sourcecode.swift; path = DebugFormatting.swift; sourceTree = "<group>"; };
		DAFA89271B8172920090D283 /* SiestaSpec.swift */ = {isa = PBXFileReference; fileEncoding = 4; lastKnownFileType = sourcecode.swift; path = SiestaSpec.swift; sourceTree = "<group>"; };
		DAFB3C4C1B3DEFC2009CF96C /* Entity.swift */ = {isa = PBXFileReference; fileEncoding = 4; lastKnownFileType = sourcecode.swift; path = Entity.swift; sourceTree = "<group>"; };
		DAFB3C4E1B3DEFE8009CF96C /* RequestError.swift */ = {isa = PBXFileReference; fileEncoding = 4; lastKnownFileType = sourcecode.swift; path = RequestError.swift; sourceTree = "<group>"; };
		DAFFA2201DDBA7FF00F0EE2A /* Ω_UI_Deprecations.swift */ = {isa = PBXFileReference; fileEncoding = 4; lastKnownFileType = sourcecode.swift; path = "Ω_UI_Deprecations.swift"; sourceTree = "<group>"; };
/* End PBXFileReference section */

/* Begin PBXFrameworksBuildPhase section */
		9F0FAF9D1D033FCD00CE1B61 /* Frameworks */ = {
			isa = PBXFrameworksBuildPhase;
			buildActionMask = 2147483647;
			files = (
				9F0FAFB01D033FF400CE1B61 /* Siesta.framework in Frameworks */,
				DAC4CFCE1DAC10FD00EECEDE /* SiestaUI.framework in Frameworks */,
				9F0FB05C1D0418AF00CE1B61 /* Alamofire.framework in Frameworks */,
				9F0FB05D1D0418AF00CE1B61 /* Nimble.framework in Frameworks */,
				9F0FB05E1D0418AF00CE1B61 /* Nocilla.framework in Frameworks */,
				9F0FB05F1D0418AF00CE1B61 /* Quick.framework in Frameworks */,
			);
			runOnlyForDeploymentPostprocessing = 0;
		};
		9F2FB51A1C28645E0068DFFA /* Frameworks */ = {
			isa = PBXFrameworksBuildPhase;
			buildActionMask = 2147483647;
			files = (
			);
			runOnlyForDeploymentPostprocessing = 0;
		};
		DA19D05F1D9ADC1800D15F3A /* Frameworks */ = {
			isa = PBXFrameworksBuildPhase;
			buildActionMask = 2147483647;
			files = (
				DA507ADA1D9CD05F00B5F5BF /* Siesta.framework in Frameworks */,
			);
			runOnlyForDeploymentPostprocessing = 0;
		};
		DA336E4B1B2E6DDB006F702A /* Frameworks */ = {
			isa = PBXFrameworksBuildPhase;
			buildActionMask = 2147483647;
			files = (
			);
			runOnlyForDeploymentPostprocessing = 0;
		};
		DA336E561B2E6DDB006F702A /* Frameworks */ = {
			isa = PBXFrameworksBuildPhase;
			buildActionMask = 2147483647;
			files = (
				DA336E5A1B2E6DDB006F702A /* Siesta.framework in Frameworks */,
				DAC4CFCF1DAC110500EECEDE /* SiestaUI.framework in Frameworks */,
				DA612E4A1B38ADBA00DE9A9F /* Alamofire.framework in Frameworks */,
				DA0B49991B2F68DC00BFBF38 /* Quick.framework in Frameworks */,
				DA60F5F51B2F723900D76DC6 /* Nimble.framework in Frameworks */,
				DA612E451B38AD2100DE9A9F /* Nocilla.framework in Frameworks */,
			);
			runOnlyForDeploymentPostprocessing = 0;
		};
		DAC0B3A21D651CB500D25C44 /* Frameworks */ = {
			isa = PBXFrameworksBuildPhase;
			buildActionMask = 2147483647;
			files = (
			);
			runOnlyForDeploymentPostprocessing = 0;
		};
		DAC0B3CF1D651CC700D25C44 /* Frameworks */ = {
			isa = PBXFrameworksBuildPhase;
			buildActionMask = 2147483647;
			files = (
			);
			runOnlyForDeploymentPostprocessing = 0;
		};
/* End PBXFrameworksBuildPhase section */

/* Begin PBXGroup section */
		574156961D393AF8009A2EC8 /* ReactiveCocoa */ = {
			isa = PBXGroup;
			children = (
				574156971D393B11009A2EC8 /* Siesta+ReactiveCocoa.swift */,
			);
			path = ReactiveCocoa;
			sourceTree = "<group>";
		};
		9F0FAFB31D03464F00CE1B61 /* macOS */ = {
			isa = PBXGroup;
			children = (
				9F0FB0531D04184F00CE1B61 /* Alamofire.framework */,
				9F0FB0541D04184F00CE1B61 /* Nimble.framework */,
				9F0FB0551D04184F00CE1B61 /* Nocilla.framework */,
				9F0FB0561D04184F00CE1B61 /* Quick.framework */,
				570C77E31D38466900226F92 /* ReactiveCocoa.framework */,
				570C77E51D38468A00226F92 /* Result.framework */,
			);
			name = macOS;
			sourceTree = "<group>";
		};
		DA19D0711D9ADC5A00D15F3A /* Tests */ = {
			isa = PBXGroup;
			children = (
				DA336E5D1B2E6DDB006F702A /* Functional */,
				DA19D0721D9ADC7500D15F3A /* Performance */,
				DA336E601B2E6DDB006F702A /* Info-iOS.plist */,
				9F0FAFAD1D033FCD00CE1B61 /* Info-macOS.plist */,
			);
			path = Tests;
			sourceTree = "<group>";
		};
		DA19D0721D9ADC7500D15F3A /* Performance */ = {
			isa = PBXGroup;
			children = (
				DA19D0731D9ADDC900D15F3A /* PerformanceTests.swift */,
			);
			name = Performance;
			sourceTree = "<group>";
		};
		DA2FF1031C0F97F600C98FF1 /* Extensions */ = {
			isa = PBXGroup;
			children = (
				574156961D393AF8009A2EC8 /* ReactiveCocoa */,
				DA2FF1041C0F97F600C98FF1 /* Alamofire */,
			);
			path = Extensions;
			sourceTree = "<group>";
		};
		DA2FF1041C0F97F600C98FF1 /* Alamofire */ = {
			isa = PBXGroup;
			children = (
				DA2FF1051C0F97F600C98FF1 /* Networking-Alamofire.swift */,
			);
			path = Alamofire;
			sourceTree = "<group>";
		};
		DA336E451B2E6DDB006F702A = {
			isa = PBXGroup;
			children = (
				DA336E511B2E6DDB006F702A /* Source */,
				DA2FF1031C0F97F600C98FF1 /* Extensions */,
				DA19D0711D9ADC5A00D15F3A /* Tests */,
				DA336E6F1B2F65D2006F702A /* Frameworks */,
				DA336E501B2E6DDB006F702A /* Products */,
			);
			sourceTree = "<group>";
		};
		DA336E501B2E6DDB006F702A /* Products */ = {
			isa = PBXGroup;
			children = (
				DA336E4F1B2E6DDB006F702A /* Siesta.framework */,
				DA336E591B2E6DDB006F702A /* SiestaTests.xctest */,
				9F2FB51E1C28645E0068DFFA /* Siesta.framework */,
				9F0FAFAC1D033FCD00CE1B61 /* SiestaTests.xctest */,
				DAC0B3AA1D651CB500D25C44 /* SiestaUI.framework */,
				DAC0B3D61D651CC700D25C44 /* SiestaUI.framework */,
				DA19D06E1D9ADC1800D15F3A /* SiestaPerformanceTests macOS.xctest */,
			);
			name = Products;
			sourceTree = "<group>";
		};
		DA336E511B2E6DDB006F702A /* Source */ = {
			isa = PBXGroup;
			children = (
				DAC0B37B1D651A4600D25C44 /* Core */,
				DAE490981B4E51AA004D97D6 /* UI (iOS) */,
			);
			path = Source;
			sourceTree = "<group>";
		};
		DA336E5D1B2E6DDB006F702A /* Functional */ = {
			isa = PBXGroup;
			children = (
				DA49EA7B1B35FE5F00AE1B8F /* ServiceSpec.swift */,
				DA49EA7D1B35FE7E00AE1B8F /* ResourceSpecBase.swift */,
				DAC0CE681B4A39B0004FBB4B /* ResourcePathsSpec.swift */,
				DAC0CE6A1B4A3A9D004FBB4B /* ResourceStateSpec.swift */,
				DAC0CE6C1B4A3ADA004FBB4B /* ResourceObserversSpec.swift */,
				DACD233E1D60CE0400848C04 /* RequestSpec.swift */,
				DAD191001D0394E300304193 /* PipelineSpec.swift */,
				DA3314301B4DC11900A7A175 /* ResponseDataHandlingSpec.swift */,
				DA8EF6CF1BC1A917002175EB /* ProgressSpec.swift */,
				DA9F4BDD1B3F8E2E00E8966F /* WeakCacheSpec.swift */,
				DA4D61971B751FEE00F6BB9C /* ObjcCompatibilitySpec.m */,
				DA99B5C71B38C36A009C6937 /* Support */,
			);
			path = Functional;
			sourceTree = "<group>";
		};
		DA336E6F1B2F65D2006F702A /* Frameworks */ = {
			isa = PBXGroup;
			children = (
				DA38E4F11D088515008023ED /* iOS */,
				9F0FAFB31D03464F00CE1B61 /* macOS */,
			);
			name = Frameworks;
			sourceTree = "<group>";
		};
		DA38E4F11D088515008023ED /* iOS */ = {
			isa = PBXGroup;
			children = (
				DA612E421B38AD1000DE9A9F /* Alamofire.framework */,
				DA0B49961B2F68DC00BFBF38 /* Nimble.framework */,
				DA612E441B38AD2100DE9A9F /* Nocilla.framework */,
				DA0B49971B2F68DC00BFBF38 /* Quick.framework */,
				570C77E01D38463200226F92 /* ReactiveCocoa.framework */,
				570C77E71D3846A800226F92 /* Result.framework */,
			);
			name = iOS;
			sourceTree = "<group>";
		};
		DA99B5C61B38C356009C6937 /* Support */ = {
			isa = PBXGroup;
			children = (
				DA336E541B2E6DDB006F702A /* Info-iOS.plist */,
				9F2FB5221C28645E0068DFFA /* Info-macOS.plist */,
				DA336E521B2E6DDB006F702A /* Siesta.h */,
				DA6022801D65590800FB5673 /* SiestaUI.h */,
				DA3FBD9A1B55917600161A25 /* Siesta-ObjC.swift */,
				DA9F4BDB1B3DFE3700E8966F /* WeakCache.swift */,
				DA5FE9F31BB9E3EF00B6688A /* Progress.swift */,
				DA3FBDB01B55BF0E00161A25 /* Logging.swift */,
				DAFA4BB01B8377B300EFF117 /* DebugFormatting.swift */,
				DA99B5C81B38C8E6009C6937 /* String+Siesta.swift */,
				DA2846491B59EF9F004BD535 /* URL+Siesta.swift */,
				DA0AB90C1B5C0090006A3067 /* Collection+Siesta.swift */,
				DA0AB90A1B5B5DD9006A3067 /* ARC+Siesta.swift */,
				DAE96F7B1B8ED11400506AE7 /* GCD+Siesta.swift */,
				DA33142E1B4DBADA00A7A175 /* Regex+Siesta.swift */,
				DACE0BAF1D02046500607F3E /* OpenEnum.swift */,
				DACD23451D618CE300848C04 /* Ω_Deprecations.swift */,
			);
			path = Support;
			sourceTree = "<group>";
		};
		DA99B5C71B38C36A009C6937 /* Support */ = {
			isa = PBXGroup;
			children = (
				DAFA89271B8172920090D283 /* SiestaSpec.swift */,
				DA49EA7F1B36174700AE1B8F /* SpecHelpers.swift */,
				DA4D61991B7521B900F6BB9C /* TestService.swift */,
			);
			name = Support;
			sourceTree = "<group>";
		};
		DAC0B3711D637A9700D25C44 /* Resource */ = {
			isa = PBXGroup;
			children = (
				DA60F5FB1B30B2F800D76DC6 /* Resource.swift */,
				DAC0B3721D63880600D25C44 /* ResourceNavigation.swift */,
				DA9F4BDF1B41C9CC00E8966F /* ResourceObserver.swift */,
			);
			path = Resource;
			sourceTree = "<group>";
		};
		DAC0B37A1D64FF2D00D25C44 /* Pipeline */ = {
			isa = PBXGroup;
			children = (
				DACE0BAD1D0201F800607F3E /* PipelineConfiguration.swift */,
				DA7D05C31D57C2B500431980 /* PipelineProcessing.swift */,
				DA33142A1B4DA04900A7A175 /* ResponseTransformer.swift */,
			);
			path = Pipeline;
			sourceTree = "<group>";
		};
		DAC0B37B1D651A4600D25C44 /* Core */ = {
			isa = PBXGroup;
			children = (
				DA336E701B2F6659006F702A /* Service.swift */,
				DAADA6B81B76F6E7009A3EF5 /* Configuration.swift */,
				DA9AA8141CCAFDD20016DB18 /* ConfigurationPatternConvertible.swift */,
				DAFB3C4C1B3DEFC2009CF96C /* Entity.swift */,
				DAFB3C4E1B3DEFE8009CF96C /* RequestError.swift */,
				DAC0B3711D637A9700D25C44 /* Resource */,
				DAFA42011C20AF2B0020AC5E /* Request */,
				DAC0B37A1D64FF2D00D25C44 /* Pipeline */,
				DA9F7B1E1B8BC3B000A604C3 /* EntityCache.swift */,
				DA4353511B6AD63C00543843 /* Networking.swift */,
				DA5EC2731B91E39000DC33C8 /* Networking-URLSession.swift */,
				DA99B5C61B38C356009C6937 /* Support */,
			);
			name = Core;
			path = Siesta;
			sourceTree = "<group>";
		};
		DAE490981B4E51AA004D97D6 /* UI (iOS) */ = {
			isa = PBXGroup;
			children = (
				DAE490991B4E51C1004D97D6 /* ResourceStatusOverlay.swift */,
				DAE4909A1B4E51C1004D97D6 /* ResourceStatusOverlay.xib */,
				DAE96F791B8ECB3D00506AE7 /* RemoteImageView.swift */,
				00B394481DC5FD67002CD5B7 /* NetworkActivityIndicator.swift */,
				DAC0B3D81D6529A900D25C44 /* SiestaUI-ObjC.swift */,
				DAC0B3DD1D652AD300D25C44 /* Collection+Siesta.swift */,
				DAFFA2201DDBA7FF00F0EE2A /* Ω_UI_Deprecations.swift */,
			);
			name = "UI (iOS)";
			path = SiestaUI;
			sourceTree = "<group>";
		};
		DAFA42011C20AF2B0020AC5E /* Request */ = {
			isa = PBXGroup;
			children = (
				DAAB48291B5D7B770059C047 /* Request.swift */,
				DAFA42081C20B10F0020AC5E /* RequestCreation.swift */,
				DAFA42021C20AF940020AC5E /* RequestCallbacks.swift */,
				DAFA42041C20AFCF0020AC5E /* ProgressTracker.swift */,
				DAFA42061C20B0E50020AC5E /* NetworkRequest.swift */,
				DACD23421D6105B600848C04 /* RequestChaining.swift */,
			);
			path = Request;
			sourceTree = "<group>";
		};
/* End PBXGroup section */

/* Begin PBXHeadersBuildPhase section */
		9F2FB51B1C28645E0068DFFA /* Headers */ = {
			isa = PBXHeadersBuildPhase;
			buildActionMask = 2147483647;
			files = (
				9F0FB04C1D04179600CE1B61 /* Siesta.h in Headers */,
			);
			runOnlyForDeploymentPostprocessing = 0;
		};
		DA336E4C1B2E6DDB006F702A /* Headers */ = {
			isa = PBXHeadersBuildPhase;
			buildActionMask = 2147483647;
			files = (
				DA336E531B2E6DDB006F702A /* Siesta.h in Headers */,
			);
			runOnlyForDeploymentPostprocessing = 0;
		};
		DAC0B3A31D651CB500D25C44 /* Headers */ = {
			isa = PBXHeadersBuildPhase;
			buildActionMask = 2147483647;
			files = (
				DA6022841D65591500FB5673 /* SiestaUI.h in Headers */,
			);
			runOnlyForDeploymentPostprocessing = 0;
		};
		DAC0B3D01D651CC700D25C44 /* Headers */ = {
			isa = PBXHeadersBuildPhase;
			buildActionMask = 2147483647;
			files = (
				DA6022851D65591600FB5673 /* SiestaUI.h in Headers */,
			);
			runOnlyForDeploymentPostprocessing = 0;
		};
/* End PBXHeadersBuildPhase section */

/* Begin PBXNativeTarget section */
		9F0FAF8C1D033FCD00CE1B61 /* SiestaTests macOS */ = {
			isa = PBXNativeTarget;
			buildConfigurationList = 9F0FAFA91D033FCD00CE1B61 /* Build configuration list for PBXNativeTarget "SiestaTests macOS" */;
			buildPhases = (
				9F0FAF8F1D033FCD00CE1B61 /* Sources */,
				9F0FAF9D1D033FCD00CE1B61 /* Frameworks */,
				9F0FAFA31D033FCD00CE1B61 /* Resources */,
				9F0FAFA41D033FCD00CE1B61 /* CopyFiles */,
			);
			buildRules = (
			);
			dependencies = (
				9F0FAFAF1D033FE800CE1B61 /* PBXTargetDependency */,
				DAC4CFCD1DAC10F500EECEDE /* PBXTargetDependency */,
			);
			name = "SiestaTests macOS";
			productName = SiestaTests;
			productReference = 9F0FAFAC1D033FCD00CE1B61 /* SiestaTests.xctest */;
			productType = "com.apple.product-type.bundle.unit-test";
		};
		9F2FB51D1C28645E0068DFFA /* Siesta macOS */ = {
			isa = PBXNativeTarget;
			buildConfigurationList = 9F2FB5251C28645E0068DFFA /* Build configuration list for PBXNativeTarget "Siesta macOS" */;
			buildPhases = (
				9F2FB5191C28645E0068DFFA /* Sources */,
				9F2FB51A1C28645E0068DFFA /* Frameworks */,
				9F2FB51B1C28645E0068DFFA /* Headers */,
				9F2FB51C1C28645E0068DFFA /* Resources */,
			);
			buildRules = (
			);
			dependencies = (
			);
			name = "Siesta macOS";
			productName = "Siesta macOS";
			productReference = 9F2FB51E1C28645E0068DFFA /* Siesta.framework */;
			productType = "com.apple.product-type.framework";
		};
		DA19D04C1D9ADC1800D15F3A /* SiestaPerformanceTests macOS */ = {
			isa = PBXNativeTarget;
			buildConfigurationList = DA19D06B1D9ADC1800D15F3A /* Build configuration list for PBXNativeTarget "SiestaPerformanceTests macOS" */;
			buildPhases = (
				DA19D04F1D9ADC1800D15F3A /* Sources */,
				DA19D05F1D9ADC1800D15F3A /* Frameworks */,
				DA19D0651D9ADC1800D15F3A /* Resources */,
				DA19D0661D9ADC1800D15F3A /* CopyFiles */,
			);
			buildRules = (
			);
			dependencies = (
				DA507ADC1D9CD07D00B5F5BF /* PBXTargetDependency */,
			);
			name = "SiestaPerformanceTests macOS";
			productName = SiestaTests;
			productReference = DA19D06E1D9ADC1800D15F3A /* SiestaPerformanceTests macOS.xctest */;
			productType = "com.apple.product-type.bundle.unit-test";
		};
		DA336E4E1B2E6DDB006F702A /* Siesta iOS */ = {
			isa = PBXNativeTarget;
			buildConfigurationList = DA336E631B2E6DDB006F702A /* Build configuration list for PBXNativeTarget "Siesta iOS" */;
			buildPhases = (
				DA336E4A1B2E6DDB006F702A /* Sources */,
				DA336E4B1B2E6DDB006F702A /* Frameworks */,
				DA336E4C1B2E6DDB006F702A /* Headers */,
				DA336E4D1B2E6DDB006F702A /* Resources */,
			);
			buildRules = (
			);
			dependencies = (
			);
			name = "Siesta iOS";
			productName = Siesta;
			productReference = DA336E4F1B2E6DDB006F702A /* Siesta.framework */;
			productType = "com.apple.product-type.framework";
		};
		DA336E581B2E6DDB006F702A /* SiestaTests iOS */ = {
			isa = PBXNativeTarget;
			buildConfigurationList = DA336E661B2E6DDB006F702A /* Build configuration list for PBXNativeTarget "SiestaTests iOS" */;
			buildPhases = (
				DA336E551B2E6DDB006F702A /* Sources */,
				DA336E561B2E6DDB006F702A /* Frameworks */,
				DA336E571B2E6DDB006F702A /* Resources */,
				DA60F5F81B2F728900D76DC6 /* CopyFiles */,
			);
			buildRules = (
			);
			dependencies = (
				DA336E5C1B2E6DDB006F702A /* PBXTargetDependency */,
				DAC4CFCB1DAC10EC00EECEDE /* PBXTargetDependency */,
			);
			name = "SiestaTests iOS";
			productName = SiestaTests;
			productReference = DA336E591B2E6DDB006F702A /* SiestaTests.xctest */;
			productType = "com.apple.product-type.bundle.unit-test";
		};
		DAC0B37D1D651CB500D25C44 /* SiestaUI iOS */ = {
			isa = PBXNativeTarget;
			buildConfigurationList = DAC0B3A71D651CB500D25C44 /* Build configuration list for PBXNativeTarget "SiestaUI iOS" */;
			buildPhases = (
				DAC0B37E1D651CB500D25C44 /* Sources */,
				DAC0B3A21D651CB500D25C44 /* Frameworks */,
				DAC0B3A31D651CB500D25C44 /* Headers */,
				DAC0B3A51D651CB500D25C44 /* Resources */,
			);
			buildRules = (
			);
			dependencies = (
				DACD89531D65359E00045E01 /* PBXTargetDependency */,
			);
			name = "SiestaUI iOS";
			productName = Siesta;
			productReference = DAC0B3AA1D651CB500D25C44 /* SiestaUI.framework */;
			productType = "com.apple.product-type.framework";
		};
		DAC0B3AC1D651CC700D25C44 /* SiestaUI macOS */ = {
			isa = PBXNativeTarget;
			buildConfigurationList = DAC0B3D31D651CC700D25C44 /* Build configuration list for PBXNativeTarget "SiestaUI macOS" */;
			buildPhases = (
				DAC0B3AD1D651CC700D25C44 /* Sources */,
				DAC0B3CF1D651CC700D25C44 /* Frameworks */,
				DAC0B3D01D651CC700D25C44 /* Headers */,
				DAC0B3D21D651CC700D25C44 /* Resources */,
			);
			buildRules = (
			);
			dependencies = (
				DACD89551D6535A300045E01 /* PBXTargetDependency */,
			);
			name = "SiestaUI macOS";
			productName = "Siesta macOS";
			productReference = DAC0B3D61D651CC700D25C44 /* SiestaUI.framework */;
			productType = "com.apple.product-type.framework";
		};
/* End PBXNativeTarget section */

/* Begin PBXProject section */
		DA336E461B2E6DDB006F702A /* Project object */ = {
			isa = PBXProject;
			attributes = {
				LastSwiftUpdateCheck = 0700;
				LastUpgradeCheck = 0800;
				ORGANIZATIONNAME = "Bust Out Solutions";
				TargetAttributes = {
					9F2FB51D1C28645E0068DFFA = {
						CreatedOnToolsVersion = 7.2;
					};
					DA336E4E1B2E6DDB006F702A = {
						CreatedOnToolsVersion = 7.0;
						LastSwiftMigration = 0800;
					};
					DA336E581B2E6DDB006F702A = {
						CreatedOnToolsVersion = 7.0;
						LastSwiftMigration = 0800;
					};
					DAC0B37D1D651CB500D25C44 = {
						LastSwiftMigration = 0800;
					};
				};
			};
			buildConfigurationList = DA336E491B2E6DDB006F702A /* Build configuration list for PBXProject "Siesta" */;
			compatibilityVersion = "Xcode 3.2";
			developmentRegion = English;
			hasScannedForEncodings = 0;
			knownRegions = (
				en,
			);
			mainGroup = DA336E451B2E6DDB006F702A;
			productRefGroup = DA336E501B2E6DDB006F702A /* Products */;
			projectDirPath = "";
			projectRoot = "";
			targets = (
				DA336E4E1B2E6DDB006F702A /* Siesta iOS */,
				9F2FB51D1C28645E0068DFFA /* Siesta macOS */,
				DAC0B37D1D651CB500D25C44 /* SiestaUI iOS */,
				DAC0B3AC1D651CC700D25C44 /* SiestaUI macOS */,
				DA336E581B2E6DDB006F702A /* SiestaTests iOS */,
				9F0FAF8C1D033FCD00CE1B61 /* SiestaTests macOS */,
				DA19D04C1D9ADC1800D15F3A /* SiestaPerformanceTests macOS */,
			);
		};
/* End PBXProject section */

/* Begin PBXResourcesBuildPhase section */
		9F0FAFA31D033FCD00CE1B61 /* Resources */ = {
			isa = PBXResourcesBuildPhase;
			buildActionMask = 2147483647;
			files = (
			);
			runOnlyForDeploymentPostprocessing = 0;
		};
		9F2FB51C1C28645E0068DFFA /* Resources */ = {
			isa = PBXResourcesBuildPhase;
			buildActionMask = 2147483647;
			files = (
			);
			runOnlyForDeploymentPostprocessing = 0;
		};
		DA19D0651D9ADC1800D15F3A /* Resources */ = {
			isa = PBXResourcesBuildPhase;
			buildActionMask = 2147483647;
			files = (
			);
			runOnlyForDeploymentPostprocessing = 0;
		};
		DA336E4D1B2E6DDB006F702A /* Resources */ = {
			isa = PBXResourcesBuildPhase;
			buildActionMask = 2147483647;
			files = (
			);
			runOnlyForDeploymentPostprocessing = 0;
		};
		DA336E571B2E6DDB006F702A /* Resources */ = {
			isa = PBXResourcesBuildPhase;
			buildActionMask = 2147483647;
			files = (
			);
			runOnlyForDeploymentPostprocessing = 0;
		};
		DAC0B3A51D651CB500D25C44 /* Resources */ = {
			isa = PBXResourcesBuildPhase;
			buildActionMask = 2147483647;
			files = (
				DAC0B3A61D651CB500D25C44 /* ResourceStatusOverlay.xib in Resources */,
			);
			runOnlyForDeploymentPostprocessing = 0;
		};
		DAC0B3D21D651CC700D25C44 /* Resources */ = {
			isa = PBXResourcesBuildPhase;
			buildActionMask = 2147483647;
			files = (
			);
			runOnlyForDeploymentPostprocessing = 0;
		};
/* End PBXResourcesBuildPhase section */

/* Begin PBXSourcesBuildPhase section */
		9F0FAF8F1D033FCD00CE1B61 /* Sources */ = {
			isa = PBXSourcesBuildPhase;
			buildActionMask = 2147483647;
			files = (
				DACD23411D60D0FF00848C04 /* RequestSpec.swift in Sources */,
				9F0FAF901D033FCD00CE1B61 /* ResourceStateSpec.swift in Sources */,
				9F0FAF911D033FCD00CE1B61 /* Networking-Alamofire.swift in Sources */,
				9F0FAF921D033FCD00CE1B61 /* ProgressSpec.swift in Sources */,
				9F0FAF931D033FCD00CE1B61 /* ResourceObserversSpec.swift in Sources */,
				9F0FAF941D033FCD00CE1B61 /* SpecHelpers.swift in Sources */,
				9F0FAF961D033FCD00CE1B61 /* WeakCacheSpec.swift in Sources */,
				9F0FAF971D033FCD00CE1B61 /* ResponseDataHandlingSpec.swift in Sources */,
				9F0FAF981D033FCD00CE1B61 /* ServiceSpec.swift in Sources */,
				DA788A8F1D6AC1590085C820 /* ObjcCompatibilitySpec.m in Sources */,
				9F0FAF991D033FCD00CE1B61 /* TestService.swift in Sources */,
				9F0FAF9A1D033FCD00CE1B61 /* SiestaSpec.swift in Sources */,
				9F0FAF9B1D033FCD00CE1B61 /* ResourcePathsSpec.swift in Sources */,
				DA7285E71D0DF46600132CD9 /* PipelineSpec.swift in Sources */,
				9F0FAF9C1D033FCD00CE1B61 /* ResourceSpecBase.swift in Sources */,
			);
			runOnlyForDeploymentPostprocessing = 0;
		};
		9F2FB5191C28645E0068DFFA /* Sources */ = {
			isa = PBXSourcesBuildPhase;
			buildActionMask = 2147483647;
			files = (
				9F2FB5281C2864970068DFFA /* Progress.swift in Sources */,
				9F2FB5401C2864CB0068DFFA /* ResourceObserver.swift in Sources */,
				9F2FB53E1C2864CB0068DFFA /* Entity.swift in Sources */,
				9F9628841CF1D7AF008092B7 /* ConfigurationPatternConvertible.swift in Sources */,
				9F2FB5301C2864970068DFFA /* Regex+Siesta.swift in Sources */,
				9F2FB52E1C2864970068DFFA /* ARC+Siesta.swift in Sources */,
				DACD23441D6105E600848C04 /* RequestChaining.swift in Sources */,
				9F2FB5271C2864970068DFFA /* WeakCache.swift in Sources */,
				9F2FB52D1C2864970068DFFA /* Collection+Siesta.swift in Sources */,
				9F2FB5351C2864BD0068DFFA /* EntityCache.swift in Sources */,
				9F2FB53D1C2864CB0068DFFA /* Configuration.swift in Sources */,
				9F2FB5341C2864BD0068DFFA /* Networking-URLSession.swift in Sources */,
				9F2FB5381C2864C50068DFFA /* ProgressTracker.swift in Sources */,
				9F2FB53C1C2864CB0068DFFA /* Resource.swift in Sources */,
				9F2FB5361C2864C50068DFFA /* Request.swift in Sources */,
				DA7285E61D0DF2D900132CD9 /* OpenEnum.swift in Sources */,
				9F2FB5261C2864970068DFFA /* Siesta-ObjC.swift in Sources */,
				DA3FD66C1D0DF5DE00C75742 /* PipelineConfiguration.swift in Sources */,
				9F2FB5321C2864BD0068DFFA /* ResponseTransformer.swift in Sources */,
				DAC0B3741D63880600D25C44 /* ResourceNavigation.swift in Sources */,
				9F2FB52F1C2864970068DFFA /* GCD+Siesta.swift in Sources */,
				9F2FB53F1C2864CB0068DFFA /* RequestError.swift in Sources */,
				9F2FB52A1C2864970068DFFA /* DebugFormatting.swift in Sources */,
				9F2FB53A1C2864C50068DFFA /* RequestCreation.swift in Sources */,
				9F2FB5391C2864C50068DFFA /* NetworkRequest.swift in Sources */,
				9F2FB5291C2864970068DFFA /* Logging.swift in Sources */,
				DA7D05C51D57C30400431980 /* PipelineProcessing.swift in Sources */,
				9F2FB5371C2864C50068DFFA /* RequestCallbacks.swift in Sources */,
				9F2FB52C1C2864970068DFFA /* URL+Siesta.swift in Sources */,
				9F2FB53B1C2864CB0068DFFA /* Service.swift in Sources */,
				9F2FB52B1C2864970068DFFA /* String+Siesta.swift in Sources */,
				9F2FB5331C2864BD0068DFFA /* Networking.swift in Sources */,
				DACD23471D618CE300848C04 /* Ω_Deprecations.swift in Sources */,
			);
			runOnlyForDeploymentPostprocessing = 0;
		};
		DA19D04F1D9ADC1800D15F3A /* Sources */ = {
			isa = PBXSourcesBuildPhase;
			buildActionMask = 2147483647;
			files = (
				DA19D0751D9ADDD800D15F3A /* PerformanceTests.swift in Sources */,
			);
			runOnlyForDeploymentPostprocessing = 0;
		};
		DA336E4A1B2E6DDB006F702A /* Sources */ = {
			isa = PBXSourcesBuildPhase;
			buildActionMask = 2147483647;
			files = (
				DAFA42051C20AFCF0020AC5E /* ProgressTracker.swift in Sources */,
				DA4353521B6AD63C00543843 /* Networking.swift in Sources */,
				DA0AB90B1B5B5DD9006A3067 /* ARC+Siesta.swift in Sources */,
				DAFA42031C20AF940020AC5E /* RequestCallbacks.swift in Sources */,
				DAC0B3731D63880600D25C44 /* ResourceNavigation.swift in Sources */,
				DAFA4BB11B8377B300EFF117 /* DebugFormatting.swift in Sources */,
				DAADA6B91B76F6E7009A3EF5 /* Configuration.swift in Sources */,
				DA5EC2741B91E39000DC33C8 /* Networking-URLSession.swift in Sources */,
				DA5FE9F41BB9E3EF00B6688A /* Progress.swift in Sources */,
				DA0AB90D1B5C0090006A3067 /* Collection+Siesta.swift in Sources */,
				DA3FBDB11B55BF0E00161A25 /* Logging.swift in Sources */,
				DAE96F7C1B8ED11400506AE7 /* GCD+Siesta.swift in Sources */,
				DA33142F1B4DBADA00A7A175 /* Regex+Siesta.swift in Sources */,
				DA9F4BE01B41C9CC00E8966F /* ResourceObserver.swift in Sources */,
				DA7D05C41D57C2B500431980 /* PipelineProcessing.swift in Sources */,
				DA336E711B2F6659006F702A /* Service.swift in Sources */,
				DAFA42071C20B0E50020AC5E /* NetworkRequest.swift in Sources */,
				DACD23431D6105B600848C04 /* RequestChaining.swift in Sources */,
				DAAB482A1B5D7B770059C047 /* Request.swift in Sources */,
				DA3FD66E1D0DF67E00C75742 /* OpenEnum.swift in Sources */,
				DA28464A1B59EF9F004BD535 /* URL+Siesta.swift in Sources */,
				DA9F4BDC1B3DFE3700E8966F /* WeakCache.swift in Sources */,
				DAFA42091C20B10F0020AC5E /* RequestCreation.swift in Sources */,
				DA60F5FC1B30B2F800D76DC6 /* Resource.swift in Sources */,
				DA9AA8151CCAFDD20016DB18 /* ConfigurationPatternConvertible.swift in Sources */,
				DA33142B1B4DA04900A7A175 /* ResponseTransformer.swift in Sources */,
				DAFB3C4F1B3DEFE8009CF96C /* RequestError.swift in Sources */,
				DAFB3C4D1B3DEFC2009CF96C /* Entity.swift in Sources */,
				DA3FBD9B1B55917600161A25 /* Siesta-ObjC.swift in Sources */,
				DA99B5C91B38C8E6009C6937 /* String+Siesta.swift in Sources */,
				DA9F7B1F1B8BC3B000A604C3 /* EntityCache.swift in Sources */,
				DA3FD66D1D0DF65B00C75742 /* PipelineConfiguration.swift in Sources */,
				DACD23461D618CE300848C04 /* Ω_Deprecations.swift in Sources */,
			);
			runOnlyForDeploymentPostprocessing = 0;
		};
		DA336E551B2E6DDB006F702A /* Sources */ = {
			isa = PBXSourcesBuildPhase;
			buildActionMask = 2147483647;
			files = (
				DACD23401D60D0FE00848C04 /* RequestSpec.swift in Sources */,
				DAC0CE6B1B4A3A9D004FBB4B /* ResourceStateSpec.swift in Sources */,
				DA2FF1061C0F97F600C98FF1 /* Networking-Alamofire.swift in Sources */,
				DA8EF6D11BC20AFE002175EB /* ProgressSpec.swift in Sources */,
				DAC0CE6D1B4A3ADA004FBB4B /* ResourceObserversSpec.swift in Sources */,
				DA49EA801B36174700AE1B8F /* SpecHelpers.swift in Sources */,
				DA9F4BDE1B3F8E2E00E8966F /* WeakCacheSpec.swift in Sources */,
				DA3314311B4DC11900A7A175 /* ResponseDataHandlingSpec.swift in Sources */,
				DA49EA7C1B35FE5F00AE1B8F /* ServiceSpec.swift in Sources */,
				DA788A8E1D6AC1580085C820 /* ObjcCompatibilitySpec.m in Sources */,
				DA4D619B1B7521EE00F6BB9C /* TestService.swift in Sources */,
				DAFA89281B8172920090D283 /* SiestaSpec.swift in Sources */,
				DAC0CE691B4A39B0004FBB4B /* ResourcePathsSpec.swift in Sources */,
				DAD191021D03950100304193 /* PipelineSpec.swift in Sources */,
				DA49EA7E1B35FE7E00AE1B8F /* ResourceSpecBase.swift in Sources */,
			);
			runOnlyForDeploymentPostprocessing = 0;
		};
		DAC0B37E1D651CB500D25C44 /* Sources */ = {
			isa = PBXSourcesBuildPhase;
			buildActionMask = 2147483647;
			files = (
				DAFFA2221DDBA86F00F0EE2A /* Ω_UI_Deprecations.swift in Sources */,
				DAC0B3DA1D6529BA00D25C44 /* SiestaUI-ObjC.swift in Sources */,
				DAC0B3941D651CB500D25C44 /* ResourceStatusOverlay.swift in Sources */,
				DAC0B3DE1D652AD300D25C44 /* Collection+Siesta.swift in Sources */,
				00B394491DC5FD67002CD5B7 /* NetworkActivityIndicator.swift in Sources */,
				DAC0B39A1D651CB500D25C44 /* RemoteImageView.swift in Sources */,
			);
			runOnlyForDeploymentPostprocessing = 0;
		};
		DAC0B3AD1D651CC700D25C44 /* Sources */ = {
			isa = PBXSourcesBuildPhase;
			buildActionMask = 2147483647;
			files = (
			);
			runOnlyForDeploymentPostprocessing = 0;
		};
/* End PBXSourcesBuildPhase section */

/* Begin PBXTargetDependency section */
		9F0FAFAF1D033FE800CE1B61 /* PBXTargetDependency */ = {
			isa = PBXTargetDependency;
			target = 9F2FB51D1C28645E0068DFFA /* Siesta macOS */;
			targetProxy = 9F0FAFAE1D033FE800CE1B61 /* PBXContainerItemProxy */;
		};
		DA336E5C1B2E6DDB006F702A /* PBXTargetDependency */ = {
			isa = PBXTargetDependency;
			target = DA336E4E1B2E6DDB006F702A /* Siesta iOS */;
			targetProxy = DA336E5B1B2E6DDB006F702A /* PBXContainerItemProxy */;
		};
		DA507ADC1D9CD07D00B5F5BF /* PBXTargetDependency */ = {
			isa = PBXTargetDependency;
			target = 9F2FB51D1C28645E0068DFFA /* Siesta macOS */;
			targetProxy = DA507ADB1D9CD07D00B5F5BF /* PBXContainerItemProxy */;
		};
		DAC4CFCB1DAC10EC00EECEDE /* PBXTargetDependency */ = {
			isa = PBXTargetDependency;
			target = DAC0B37D1D651CB500D25C44 /* SiestaUI iOS */;
			targetProxy = DAC4CFCA1DAC10EC00EECEDE /* PBXContainerItemProxy */;
		};
		DAC4CFCD1DAC10F500EECEDE /* PBXTargetDependency */ = {
			isa = PBXTargetDependency;
			target = DAC0B3AC1D651CC700D25C44 /* SiestaUI macOS */;
			targetProxy = DAC4CFCC1DAC10F500EECEDE /* PBXContainerItemProxy */;
		};
		DACD89531D65359E00045E01 /* PBXTargetDependency */ = {
			isa = PBXTargetDependency;
			target = DA336E4E1B2E6DDB006F702A /* Siesta iOS */;
			targetProxy = DACD89521D65359E00045E01 /* PBXContainerItemProxy */;
		};
		DACD89551D6535A300045E01 /* PBXTargetDependency */ = {
			isa = PBXTargetDependency;
			target = 9F2FB51D1C28645E0068DFFA /* Siesta macOS */;
			targetProxy = DACD89541D6535A300045E01 /* PBXContainerItemProxy */;
		};
/* End PBXTargetDependency section */

/* Begin XCBuildConfiguration section */
		9F0FAFAA1D033FCD00CE1B61 /* Debug */ = {
			isa = XCBuildConfiguration;
			buildSettings = {
				CLANG_ENABLE_MODULES = YES;
				COMBINE_HIDPI_IMAGES = YES;
				FRAMEWORK_SEARCH_PATHS = "$(PROJECT_DIR)/Carthage/Build/Mac/";
				INFOPLIST_FILE = "$(SRCROOT)/Tests/Info-macOS.plist";
				LD_RUNPATH_SEARCH_PATHS = "$(inherited) @executable_path/../Frameworks @loader_path/../Frameworks";
				PRODUCT_BUNDLE_IDENTIFIER = com.bustoutsolutions.SiestaTests;
				PRODUCT_NAME = SiestaTests;
				SDKROOT = macosx;
			};
			name = Debug;
		};
		9F0FAFAB1D033FCD00CE1B61 /* Release */ = {
			isa = XCBuildConfiguration;
			buildSettings = {
				CLANG_ENABLE_MODULES = YES;
				COMBINE_HIDPI_IMAGES = YES;
				FRAMEWORK_SEARCH_PATHS = "$(PROJECT_DIR)/Carthage/Build/Mac/";
				INFOPLIST_FILE = "$(SRCROOT)/Tests/Info-macOS.plist";
				LD_RUNPATH_SEARCH_PATHS = "$(inherited) @executable_path/../Frameworks @loader_path/../Frameworks";
				PRODUCT_BUNDLE_IDENTIFIER = com.bustoutsolutions.SiestaTests;
				PRODUCT_NAME = SiestaTests;
				SDKROOT = macosx;
			};
			name = Release;
		};
		9F2FB5231C28645E0068DFFA /* Debug */ = {
			isa = XCBuildConfiguration;
			buildSettings = {
				APPLICATION_EXTENSION_API_ONLY = YES;
				CODE_SIGN_IDENTITY = "";
				COMBINE_HIDPI_IMAGES = YES;
				DYLIB_INSTALL_NAME_BASE = "@rpath";
				FRAMEWORK_SEARCH_PATHS = "$(PROJECT_DIR)/Carthage/Build/Mac/";
				FRAMEWORK_VERSION = A;
				INFOPLIST_FILE = "$(SRCROOT)/Source/Info-macOS.plist";
				INSTALL_PATH = "$(LOCAL_LIBRARY_DIR)/Frameworks";
				LD_RUNPATH_SEARCH_PATHS = "$(inherited) @executable_path/../Frameworks @loader_path/../Frameworks";
				PRODUCT_BUNDLE_IDENTIFIER = "com.bustoutsolutions.Siesta-macOS";
				PRODUCT_NAME = Siesta;
				SDKROOT = macosx;
				SKIP_INSTALL = YES;
			};
			name = Debug;
		};
		9F2FB5241C28645E0068DFFA /* Release */ = {
			isa = XCBuildConfiguration;
			buildSettings = {
				APPLICATION_EXTENSION_API_ONLY = YES;
				CODE_SIGN_IDENTITY = "";
				COMBINE_HIDPI_IMAGES = YES;
				DYLIB_INSTALL_NAME_BASE = "@rpath";
				FRAMEWORK_SEARCH_PATHS = "$(PROJECT_DIR)/Carthage/Build/Mac/";
				FRAMEWORK_VERSION = A;
				INFOPLIST_FILE = "$(SRCROOT)/Source/Info-macOS.plist";
				INSTALL_PATH = "$(LOCAL_LIBRARY_DIR)/Frameworks";
				LD_RUNPATH_SEARCH_PATHS = "$(inherited) @executable_path/../Frameworks @loader_path/../Frameworks";
				PRODUCT_BUNDLE_IDENTIFIER = "com.bustoutsolutions.Siesta-macOS";
				PRODUCT_NAME = Siesta;
				SDKROOT = macosx;
				SKIP_INSTALL = YES;
			};
			name = Release;
		};
		DA19D06C1D9ADC1800D15F3A /* Debug */ = {
			isa = XCBuildConfiguration;
			buildSettings = {
				CLANG_ENABLE_MODULES = YES;
				FRAMEWORK_SEARCH_PATHS = "$(PROJECT_DIR)/Carthage/Build/Mac/";
				INFOPLIST_FILE = "$(SRCROOT)/Tests/Info-macOS.plist";
				LD_RUNPATH_SEARCH_PATHS = "$(inherited) @executable_path/../Frameworks @loader_path/../Frameworks";
				PRODUCT_BUNDLE_IDENTIFIER = com.bustoutsolutions.SiestaPerformanceTests;
				PRODUCT_NAME = "$(TARGET_NAME)";
				SDKROOT = macosx;
			};
			name = Debug;
		};
		DA19D06D1D9ADC1800D15F3A /* Release */ = {
			isa = XCBuildConfiguration;
			buildSettings = {
				CLANG_ENABLE_MODULES = YES;
				FRAMEWORK_SEARCH_PATHS = "$(PROJECT_DIR)/Carthage/Build/Mac/";
				INFOPLIST_FILE = "$(SRCROOT)/Tests/Info-macOS.plist";
				LD_RUNPATH_SEARCH_PATHS = "$(inherited) @executable_path/../Frameworks @loader_path/../Frameworks";
				PRODUCT_BUNDLE_IDENTIFIER = com.bustoutsolutions.SiestaPerformanceTests;
				PRODUCT_NAME = "$(TARGET_NAME)";
				SDKROOT = macosx;
			};
			name = Release;
		};
		DA336E611B2E6DDB006F702A /* Debug */ = {
			isa = XCBuildConfiguration;
			buildSettings = {
				ALWAYS_SEARCH_USER_PATHS = NO;
				CLANG_CXX_LANGUAGE_STANDARD = "gnu++0x";
				CLANG_CXX_LIBRARY = "libc++";
				CLANG_ENABLE_MODULES = YES;
				CLANG_ENABLE_OBJC_ARC = YES;
				CLANG_WARN_BOOL_CONVERSION = YES;
				CLANG_WARN_CONSTANT_CONVERSION = YES;
				CLANG_WARN_DIRECT_OBJC_ISA_USAGE = YES_ERROR;
				CLANG_WARN_EMPTY_BODY = YES;
				CLANG_WARN_ENUM_CONVERSION = YES;
				CLANG_WARN_INFINITE_RECURSION = YES;
				CLANG_WARN_INT_CONVERSION = YES;
				CLANG_WARN_OBJC_ROOT_CLASS = YES_ERROR;
				CLANG_WARN_SUSPICIOUS_MOVE = YES;
				CLANG_WARN_UNREACHABLE_CODE = YES;
				CLANG_WARN__DUPLICATE_METHOD_MATCH = YES;
				"CODE_SIGN_IDENTITY[sdk=iphoneos*]" = "iPhone Developer";
				COPY_PHASE_STRIP = NO;
				CURRENT_PROJECT_VERSION = 1;
				DEBUG_INFORMATION_FORMAT = dwarf;
				DEFINES_MODULE = YES;
				DYLIB_COMPATIBILITY_VERSION = 1;
				DYLIB_CURRENT_VERSION = 1;
				ENABLE_STRICT_OBJC_MSGSEND = YES;
				ENABLE_TESTABILITY = YES;
				GCC_C_LANGUAGE_STANDARD = gnu99;
				GCC_DYNAMIC_NO_PIC = NO;
				GCC_NO_COMMON_BLOCKS = YES;
				GCC_OPTIMIZATION_LEVEL = 0;
				GCC_PREPROCESSOR_DEFINITIONS = (
					"DEBUG=1",
					"$(inherited)",
				);
				GCC_WARN_64_TO_32_BIT_CONVERSION = YES;
				GCC_WARN_ABOUT_RETURN_TYPE = YES_ERROR;
				GCC_WARN_UNDECLARED_SELECTOR = YES;
				GCC_WARN_UNINITIALIZED_AUTOS = YES_AGGRESSIVE;
				GCC_WARN_UNUSED_FUNCTION = YES;
				GCC_WARN_UNUSED_VARIABLE = YES;
				IPHONEOS_DEPLOYMENT_TARGET = 8.0;
				MACOSX_DEPLOYMENT_TARGET = 10.11;
				MTL_ENABLE_DEBUG_INFO = YES;
				ONLY_ACTIVE_ARCH = YES;
				SDKROOT = iphoneos;
				SWIFT_OPTIMIZATION_LEVEL = "-Onone";
				SWIFT_VERSION = 3.0;
				TARGETED_DEVICE_FAMILY = "1,2";
				VERSIONING_SYSTEM = "apple-generic";
				VERSION_INFO_PREFIX = "";
			};
			name = Debug;
		};
		DA336E621B2E6DDB006F702A /* Release */ = {
			isa = XCBuildConfiguration;
			buildSettings = {
				ALWAYS_SEARCH_USER_PATHS = NO;
				CLANG_CXX_LANGUAGE_STANDARD = "gnu++0x";
				CLANG_CXX_LIBRARY = "libc++";
				CLANG_ENABLE_MODULES = YES;
				CLANG_ENABLE_OBJC_ARC = YES;
				CLANG_WARN_BOOL_CONVERSION = YES;
				CLANG_WARN_CONSTANT_CONVERSION = YES;
				CLANG_WARN_DIRECT_OBJC_ISA_USAGE = YES_ERROR;
				CLANG_WARN_EMPTY_BODY = YES;
				CLANG_WARN_ENUM_CONVERSION = YES;
				CLANG_WARN_INFINITE_RECURSION = YES;
				CLANG_WARN_INT_CONVERSION = YES;
				CLANG_WARN_OBJC_ROOT_CLASS = YES_ERROR;
				CLANG_WARN_SUSPICIOUS_MOVE = YES;
				CLANG_WARN_UNREACHABLE_CODE = YES;
				CLANG_WARN__DUPLICATE_METHOD_MATCH = YES;
				"CODE_SIGN_IDENTITY[sdk=iphoneos*]" = "iPhone Distribution";
				COPY_PHASE_STRIP = NO;
				CURRENT_PROJECT_VERSION = 1;
				DEBUG_INFORMATION_FORMAT = "dwarf-with-dsym";
				DEFINES_MODULE = YES;
				DYLIB_COMPATIBILITY_VERSION = 1;
				DYLIB_CURRENT_VERSION = 1;
				ENABLE_NS_ASSERTIONS = NO;
				ENABLE_STRICT_OBJC_MSGSEND = YES;
				GCC_C_LANGUAGE_STANDARD = gnu99;
				GCC_NO_COMMON_BLOCKS = YES;
				GCC_WARN_64_TO_32_BIT_CONVERSION = YES;
				GCC_WARN_ABOUT_RETURN_TYPE = YES_ERROR;
				GCC_WARN_UNDECLARED_SELECTOR = YES;
				GCC_WARN_UNINITIALIZED_AUTOS = YES_AGGRESSIVE;
				GCC_WARN_UNUSED_FUNCTION = YES;
				GCC_WARN_UNUSED_VARIABLE = YES;
				IPHONEOS_DEPLOYMENT_TARGET = 8.0;
				MACOSX_DEPLOYMENT_TARGET = 10.11;
				MTL_ENABLE_DEBUG_INFO = NO;
				SDKROOT = iphoneos;
				SWIFT_OPTIMIZATION_LEVEL = "-Owholemodule";
				SWIFT_VERSION = 3.0;
				TARGETED_DEVICE_FAMILY = "1,2";
				VALIDATE_PRODUCT = YES;
				VERSIONING_SYSTEM = "apple-generic";
				VERSION_INFO_PREFIX = "";
			};
			name = Release;
		};
		DA336E641B2E6DDB006F702A /* Debug */ = {
			isa = XCBuildConfiguration;
			buildSettings = {
				APPLICATION_EXTENSION_API_ONLY = YES;
				"CODE_SIGN_IDENTITY[sdk=iphoneos*]" = "";
				DYLIB_INSTALL_NAME_BASE = "@rpath";
				FRAMEWORK_SEARCH_PATHS = "$(PROJECT_DIR)/Carthage/Build/iOS/";
				INFOPLIST_FILE = "$(SRCROOT)/Source/Info-iOS.plist";
				INSTALL_PATH = "$(LOCAL_LIBRARY_DIR)/Frameworks";
				LD_RUNPATH_SEARCH_PATHS = "$(inherited) @executable_path/Frameworks @loader_path/Frameworks";
				PRODUCT_BUNDLE_IDENTIFIER = com.bustoutsolutions.Siesta;
				PRODUCT_NAME = Siesta;
				SKIP_INSTALL = YES;
			};
			name = Debug;
		};
		DA336E651B2E6DDB006F702A /* Release */ = {
			isa = XCBuildConfiguration;
			buildSettings = {
				APPLICATION_EXTENSION_API_ONLY = YES;
				"CODE_SIGN_IDENTITY[sdk=iphoneos*]" = "";
				DYLIB_INSTALL_NAME_BASE = "@rpath";
				FRAMEWORK_SEARCH_PATHS = "$(PROJECT_DIR)/Carthage/Build/iOS/";
				INFOPLIST_FILE = "$(SRCROOT)/Source/Info-iOS.plist";
				INSTALL_PATH = "$(LOCAL_LIBRARY_DIR)/Frameworks";
				LD_RUNPATH_SEARCH_PATHS = "$(inherited) @executable_path/Frameworks @loader_path/Frameworks";
				PRODUCT_BUNDLE_IDENTIFIER = com.bustoutsolutions.Siesta;
				PRODUCT_NAME = Siesta;
				SKIP_INSTALL = YES;
			};
			name = Release;
		};
		DA336E671B2E6DDB006F702A /* Debug */ = {
			isa = XCBuildConfiguration;
			buildSettings = {
				CLANG_ENABLE_MODULES = YES;
				FRAMEWORK_SEARCH_PATHS = "$(PROJECT_DIR)/Carthage/Build/iOS/";
				INFOPLIST_FILE = "$(SRCROOT)/Tests/Info-iOS.plist";
				LD_RUNPATH_SEARCH_PATHS = "$(inherited) @executable_path/Frameworks @loader_path/Frameworks";
				PRODUCT_BUNDLE_IDENTIFIER = com.bustoutsolutions.SiestaTests;
				PRODUCT_NAME = SiestaTests;
			};
			name = Debug;
		};
		DA336E681B2E6DDB006F702A /* Release */ = {
			isa = XCBuildConfiguration;
			buildSettings = {
				CLANG_ENABLE_MODULES = YES;
				FRAMEWORK_SEARCH_PATHS = "$(PROJECT_DIR)/Carthage/Build/iOS/";
				INFOPLIST_FILE = "$(SRCROOT)/Tests/Info-iOS.plist";
				LD_RUNPATH_SEARCH_PATHS = "$(inherited) @executable_path/Frameworks @loader_path/Frameworks";
				PRODUCT_BUNDLE_IDENTIFIER = com.bustoutsolutions.SiestaTests;
				PRODUCT_NAME = SiestaTests;
			};
			name = Release;
		};
		DAC0B3A81D651CB500D25C44 /* Debug */ = {
			isa = XCBuildConfiguration;
			buildSettings = {
				CLANG_ENABLE_MODULES = YES;
				"CODE_SIGN_IDENTITY[sdk=iphoneos*]" = "";
				DYLIB_INSTALL_NAME_BASE = "@rpath";
				FRAMEWORK_SEARCH_PATHS = "$(PROJECT_DIR)/Carthage/Build/iOS/";
				INFOPLIST_FILE = "$(SRCROOT)/Source/Info-iOS.plist";
				INSTALL_PATH = "$(LOCAL_LIBRARY_DIR)/Frameworks";
				LD_RUNPATH_SEARCH_PATHS = "$(inherited) @executable_path/Frameworks @loader_path/Frameworks";
				PRODUCT_BUNDLE_IDENTIFIER = com.bustoutsolutions.SiestaUI;
				PRODUCT_NAME = SiestaUI;
				SKIP_INSTALL = YES;
				SWIFT_OPTIMIZATION_LEVEL = "-Onone";
			};
			name = Debug;
		};
		DAC0B3A91D651CB500D25C44 /* Release */ = {
			isa = XCBuildConfiguration;
			buildSettings = {
				CLANG_ENABLE_MODULES = YES;
				"CODE_SIGN_IDENTITY[sdk=iphoneos*]" = "";
				DYLIB_INSTALL_NAME_BASE = "@rpath";
				FRAMEWORK_SEARCH_PATHS = "$(PROJECT_DIR)/Carthage/Build/iOS/";
				INFOPLIST_FILE = "$(SRCROOT)/Source/Info-iOS.plist";
				INSTALL_PATH = "$(LOCAL_LIBRARY_DIR)/Frameworks";
				LD_RUNPATH_SEARCH_PATHS = "$(inherited) @executable_path/Frameworks @loader_path/Frameworks";
				PRODUCT_BUNDLE_IDENTIFIER = com.bustoutsolutions.SiestaUI;
				PRODUCT_NAME = SiestaUI;
				SKIP_INSTALL = YES;
			};
			name = Release;
		};
		DAC0B3D41D651CC700D25C44 /* Debug */ = {
			isa = XCBuildConfiguration;
			buildSettings = {
				CODE_SIGN_IDENTITY = "";
				COMBINE_HIDPI_IMAGES = YES;
				DYLIB_INSTALL_NAME_BASE = "@rpath";
				FRAMEWORK_SEARCH_PATHS = "$(PROJECT_DIR)/Carthage/Build/Mac/";
				FRAMEWORK_VERSION = A;
				INFOPLIST_FILE = "$(SRCROOT)/Source/Info-macOS.plist";
				INSTALL_PATH = "$(LOCAL_LIBRARY_DIR)/Frameworks";
				LD_RUNPATH_SEARCH_PATHS = "$(inherited) @executable_path/../Frameworks @loader_path/../Frameworks";
				PRODUCT_BUNDLE_IDENTIFIER = "com.bustoutsolutions.Siesta-macOS";
				PRODUCT_NAME = SiestaUI;
				SDKROOT = macosx;
				SKIP_INSTALL = YES;
			};
			name = Debug;
		};
		DAC0B3D51D651CC700D25C44 /* Release */ = {
			isa = XCBuildConfiguration;
			buildSettings = {
				CODE_SIGN_IDENTITY = "";
				COMBINE_HIDPI_IMAGES = YES;
				DYLIB_INSTALL_NAME_BASE = "@rpath";
				FRAMEWORK_SEARCH_PATHS = "$(PROJECT_DIR)/Carthage/Build/Mac/";
				FRAMEWORK_VERSION = A;
				INFOPLIST_FILE = "$(SRCROOT)/Source/Info-macOS.plist";
				INSTALL_PATH = "$(LOCAL_LIBRARY_DIR)/Frameworks";
				LD_RUNPATH_SEARCH_PATHS = "$(inherited) @executable_path/../Frameworks @loader_path/../Frameworks";
				PRODUCT_BUNDLE_IDENTIFIER = "com.bustoutsolutions.Siesta-macOS";
				PRODUCT_NAME = SiestaUI;
				SDKROOT = macosx;
				SKIP_INSTALL = YES;
			};
			name = Release;
		};
/* End XCBuildConfiguration section */

/* Begin XCConfigurationList section */
		9F0FAFA91D033FCD00CE1B61 /* Build configuration list for PBXNativeTarget "SiestaTests macOS" */ = {
			isa = XCConfigurationList;
			buildConfigurations = (
				9F0FAFAA1D033FCD00CE1B61 /* Debug */,
				9F0FAFAB1D033FCD00CE1B61 /* Release */,
			);
			defaultConfigurationIsVisible = 0;
			defaultConfigurationName = Release;
		};
		9F2FB5251C28645E0068DFFA /* Build configuration list for PBXNativeTarget "Siesta macOS" */ = {
			isa = XCConfigurationList;
			buildConfigurations = (
				9F2FB5231C28645E0068DFFA /* Debug */,
				9F2FB5241C28645E0068DFFA /* Release */,
			);
			defaultConfigurationIsVisible = 0;
			defaultConfigurationName = Release;
		};
		DA19D06B1D9ADC1800D15F3A /* Build configuration list for PBXNativeTarget "SiestaPerformanceTests macOS" */ = {
			isa = XCConfigurationList;
			buildConfigurations = (
				DA19D06C1D9ADC1800D15F3A /* Debug */,
				DA19D06D1D9ADC1800D15F3A /* Release */,
			);
			defaultConfigurationIsVisible = 0;
			defaultConfigurationName = Release;
		};
		DA336E491B2E6DDB006F702A /* Build configuration list for PBXProject "Siesta" */ = {
			isa = XCConfigurationList;
			buildConfigurations = (
				DA336E611B2E6DDB006F702A /* Debug */,
				DA336E621B2E6DDB006F702A /* Release */,
			);
			defaultConfigurationIsVisible = 0;
			defaultConfigurationName = Release;
		};
		DA336E631B2E6DDB006F702A /* Build configuration list for PBXNativeTarget "Siesta iOS" */ = {
			isa = XCConfigurationList;
			buildConfigurations = (
				DA336E641B2E6DDB006F702A /* Debug */,
				DA336E651B2E6DDB006F702A /* Release */,
			);
			defaultConfigurationIsVisible = 0;
			defaultConfigurationName = Release;
		};
		DA336E661B2E6DDB006F702A /* Build configuration list for PBXNativeTarget "SiestaTests iOS" */ = {
			isa = XCConfigurationList;
			buildConfigurations = (
				DA336E671B2E6DDB006F702A /* Debug */,
				DA336E681B2E6DDB006F702A /* Release */,
			);
			defaultConfigurationIsVisible = 0;
			defaultConfigurationName = Release;
		};
		DAC0B3A71D651CB500D25C44 /* Build configuration list for PBXNativeTarget "SiestaUI iOS" */ = {
			isa = XCConfigurationList;
			buildConfigurations = (
				DAC0B3A81D651CB500D25C44 /* Debug */,
				DAC0B3A91D651CB500D25C44 /* Release */,
			);
			defaultConfigurationIsVisible = 0;
			defaultConfigurationName = Release;
		};
		DAC0B3D31D651CC700D25C44 /* Build configuration list for PBXNativeTarget "SiestaUI macOS" */ = {
			isa = XCConfigurationList;
			buildConfigurations = (
				DAC0B3D41D651CC700D25C44 /* Debug */,
				DAC0B3D51D651CC700D25C44 /* Release */,
			);
			defaultConfigurationIsVisible = 0;
			defaultConfigurationName = Release;
		};
/* End XCConfigurationList section */
	};
	rootObject = DA336E461B2E6DDB006F702A /* Project object */;
}
