// !$*UTF8*$!
{
	archiveVersion = 1;
	classes = {
	};
	objectVersion = 46;
	objects = {

/* Begin PBXBuildFile section */
		713AB3CBE73243473E91C834 /* Pods_GithubBrowser.framework in Frameworks */ = {isa = PBXBuildFile; fileRef = 18CDC2D94A6B11796E5F8136 /* Pods_GithubBrowser.framework */; };
		DA1B80BD1DDADBA500E8404F /* Siesta+SwiftyJSON.swift in Sources */ = {isa = PBXBuildFile; fileRef = DA1B80BC1DDADBA500E8404F /* Siesta+SwiftyJSON.swift */; };
		DA2B55621C7D6F8700EB4D67 /* User.swift in Sources */ = {isa = PBXBuildFile; fileRef = DA2B55611C7D6F8700EB4D67 /* User.swift */; };
		DA2B55641C7D76B500EB4D67 /* Repository.swift in Sources */ = {isa = PBXBuildFile; fileRef = DA2B55631C7D76B500EB4D67 /* Repository.swift */; };
		DA2B55681C7ED14800EB4D67 /* SiestaTheme.swift in Sources */ = {isa = PBXBuildFile; fileRef = DA2B55671C7ED14700EB4D67 /* SiestaTheme.swift */; };
		DA2B556A1C7EDE7B00EB4D67 /* LoginViewController.swift in Sources */ = {isa = PBXBuildFile; fileRef = DA2B55691C7EDE7B00EB4D67 /* LoginViewController.swift */; };
		DA7462421B4C768B00406D67 /* Main.storyboard in Resources */ = {isa = PBXBuildFile; fileRef = DA7462401B4C768B00406D67 /* Main.storyboard */; };
		DA7462441B4C768B00406D67 /* Assets.xcassets in Resources */ = {isa = PBXBuildFile; fileRef = DA7462431B4C768B00406D67 /* Assets.xcassets */; };
		DA7462471B4C768B00406D67 /* LaunchScreen.storyboard in Resources */ = {isa = PBXBuildFile; fileRef = DA7462451B4C768B00406D67 /* LaunchScreen.storyboard */; };
		DAAC4E461D3AAD1B00FB3CE2 /* RepositoryViewController.swift in Sources */ = {isa = PBXBuildFile; fileRef = DAAC4E451D3AAD1B00FB3CE2 /* RepositoryViewController.swift */; };
		DAE27A801D3F1EF400D757F9 /* Optional+GithubBrowser.swift in Sources */ = {isa = PBXBuildFile; fileRef = DAE27A7F1D3F1EF400D757F9 /* Optional+GithubBrowser.swift */; };
		DAE2F84A1B94F10500D2AD96 /* GitHubAPI.swift in Sources */ = {isa = PBXBuildFile; fileRef = DAE2F8441B94F10500D2AD96 /* GitHubAPI.swift */; };
		DAE2F84C1B94F10500D2AD96 /* AppDelegate.swift in Sources */ = {isa = PBXBuildFile; fileRef = DAE2F8471B94F10500D2AD96 /* AppDelegate.swift */; };
		DAE2F84D1B94F10500D2AD96 /* RepositoryListViewController.swift in Sources */ = {isa = PBXBuildFile; fileRef = DAE2F8481B94F10500D2AD96 /* RepositoryListViewController.swift */; };
		DAE2F84E1B94F10500D2AD96 /* UserViewController.swift in Sources */ = {isa = PBXBuildFile; fileRef = DAE2F8491B94F10500D2AD96 /* UserViewController.swift */; };
/* End PBXBuildFile section */

/* Begin PBXFileReference section */
		18CDC2D94A6B11796E5F8136 /* Pods_GithubBrowser.framework */ = {isa = PBXFileReference; explicitFileType = wrapper.framework; includeInIndex = 0; path = Pods_GithubBrowser.framework; sourceTree = BUILT_PRODUCTS_DIR; };
		A30D9B88A43E86FECB6FED59 /* Pods-GithubBrowser.release.xcconfig */ = {isa = PBXFileReference; includeInIndex = 1; lastKnownFileType = text.xcconfig; name = "Pods-GithubBrowser.release.xcconfig"; path = "Pods/Target Support Files/Pods-GithubBrowser/Pods-GithubBrowser.release.xcconfig"; sourceTree = "<group>"; };
		CC0AB1A69A9C04B0879CFD4C /* Pods-GithubBrowser.debug.xcconfig */ = {isa = PBXFileReference; includeInIndex = 1; lastKnownFileType = text.xcconfig; name = "Pods-GithubBrowser.debug.xcconfig"; path = "Pods/Target Support Files/Pods-GithubBrowser/Pods-GithubBrowser.debug.xcconfig"; sourceTree = "<group>"; };
		DA1B80BC1DDADBA500E8404F /* Siesta+SwiftyJSON.swift */ = {isa = PBXFileReference; fileEncoding = 4; lastKnownFileType = sourcecode.swift; path = "Siesta+SwiftyJSON.swift"; sourceTree = "<group>"; };
		DA2B55611C7D6F8700EB4D67 /* User.swift */ = {isa = PBXFileReference; fileEncoding = 4; lastKnownFileType = sourcecode.swift; path = User.swift; sourceTree = "<group>"; };
		DA2B55631C7D76B500EB4D67 /* Repository.swift */ = {isa = PBXFileReference; fileEncoding = 4; lastKnownFileType = sourcecode.swift; path = Repository.swift; sourceTree = "<group>"; };
		DA2B55671C7ED14700EB4D67 /* SiestaTheme.swift */ = {isa = PBXFileReference; fileEncoding = 4; lastKnownFileType = sourcecode.swift; path = SiestaTheme.swift; sourceTree = "<group>"; };
		DA2B55691C7EDE7B00EB4D67 /* LoginViewController.swift */ = {isa = PBXFileReference; fileEncoding = 4; lastKnownFileType = sourcecode.swift; path = LoginViewController.swift; sourceTree = "<group>"; };
		DA7462391B4C768B00406D67 /* GithubBrowser.app */ = {isa = PBXFileReference; explicitFileType = wrapper.application; includeInIndex = 0; path = GithubBrowser.app; sourceTree = BUILT_PRODUCTS_DIR; };
		DA7462411B4C768B00406D67 /* Base */ = {isa = PBXFileReference; lastKnownFileType = file.storyboard; name = Base; path = Base.lproj/Main.storyboard; sourceTree = "<group>"; };
		DA7462431B4C768B00406D67 /* Assets.xcassets */ = {isa = PBXFileReference; lastKnownFileType = folder.assetcatalog; path = Assets.xcassets; sourceTree = "<group>"; };
		DA7462461B4C768B00406D67 /* Base */ = {isa = PBXFileReference; lastKnownFileType = file.storyboard; name = Base; path = Base.lproj/LaunchScreen.storyboard; sourceTree = "<group>"; };
		DA7462481B4C768B00406D67 /* Info.plist */ = {isa = PBXFileReference; lastKnownFileType = text.plist.xml; path = Info.plist; sourceTree = "<group>"; };
		DAAC4E451D3AAD1B00FB3CE2 /* RepositoryViewController.swift */ = {isa = PBXFileReference; fileEncoding = 4; lastKnownFileType = sourcecode.swift; path = RepositoryViewController.swift; sourceTree = "<group>"; };
		DAE27A7F1D3F1EF400D757F9 /* Optional+GithubBrowser.swift */ = {isa = PBXFileReference; fileEncoding = 4; lastKnownFileType = sourcecode.swift; path = "Optional+GithubBrowser.swift"; sourceTree = "<group>"; };
		DAE2F8441B94F10500D2AD96 /* GitHubAPI.swift */ = {isa = PBXFileReference; fileEncoding = 4; lastKnownFileType = sourcecode.swift; path = GitHubAPI.swift; sourceTree = "<group>"; };
		DAE2F8471B94F10500D2AD96 /* AppDelegate.swift */ = {isa = PBXFileReference; fileEncoding = 4; lastKnownFileType = sourcecode.swift; path = AppDelegate.swift; sourceTree = "<group>"; };
		DAE2F8481B94F10500D2AD96 /* RepositoryListViewController.swift */ = {isa = PBXFileReference; fileEncoding = 4; lastKnownFileType = sourcecode.swift; path = RepositoryListViewController.swift; sourceTree = "<group>"; };
		DAE2F8491B94F10500D2AD96 /* UserViewController.swift */ = {isa = PBXFileReference; fileEncoding = 4; lastKnownFileType = sourcecode.swift; path = UserViewController.swift; sourceTree = "<group>"; };
/* End PBXFileReference section */

/* Begin PBXFrameworksBuildPhase section */
		DA7462361B4C768B00406D67 /* Frameworks */ = {
			isa = PBXFrameworksBuildPhase;
			buildActionMask = 2147483647;
			files = (
				713AB3CBE73243473E91C834 /* Pods_GithubBrowser.framework in Frameworks */,
			);
			runOnlyForDeploymentPostprocessing = 0;
		};
/* End PBXFrameworksBuildPhase section */

/* Begin PBXGroup section */
		8AED95D5D78D84DA71FAF1F6 /* Frameworks */ = {
			isa = PBXGroup;
			children = (
				18CDC2D94A6B11796E5F8136 /* Pods_GithubBrowser.framework */,
			);
			name = Frameworks;
			sourceTree = "<group>";
		};
		8EAA22C9983411DA11E59936 /* Pods */ = {
			isa = PBXGroup;
			children = (
				CC0AB1A69A9C04B0879CFD4C /* Pods-GithubBrowser.debug.xcconfig */,
				A30D9B88A43E86FECB6FED59 /* Pods-GithubBrowser.release.xcconfig */,
			);
			name = Pods;
			sourceTree = "<group>";
		};
		DA2B55601C7D6F7B00EB4D67 /* Model */ = {
			isa = PBXGroup;
			children = (
				DA2B55611C7D6F8700EB4D67 /* User.swift */,
				DA2B55631C7D76B500EB4D67 /* Repository.swift */,
			);
			path = Model;
			sourceTree = "<group>";
		};
		DA2DDA771B5984CA00294A72 /* Resources */ = {
			isa = PBXGroup;
			children = (
				DA7462401B4C768B00406D67 /* Main.storyboard */,
				DA7462451B4C768B00406D67 /* LaunchScreen.storyboard */,
				DA7462431B4C768B00406D67 /* Assets.xcassets */,
				DA7462481B4C768B00406D67 /* Info.plist */,
			);
			name = Resources;
			sourceTree = "<group>";
		};
		DA7462301B4C768B00406D67 = {
			isa = PBXGroup;
			children = (
				DA74623B1B4C768B00406D67 /* Source */,
				DA74623A1B4C768B00406D67 /* Products */,
				8EAA22C9983411DA11E59936 /* Pods */,
				8AED95D5D78D84DA71FAF1F6 /* Frameworks */,
			);
			sourceTree = "<group>";
		};
		DA74623A1B4C768B00406D67 /* Products */ = {
			isa = PBXGroup;
			children = (
				DA7462391B4C768B00406D67 /* GithubBrowser.app */,
			);
			name = Products;
			sourceTree = "<group>";
		};
		DA74623B1B4C768B00406D67 /* Source */ = {
			isa = PBXGroup;
			children = (
				DA2B55601C7D6F7B00EB4D67 /* Model */,
				DAE2F8431B94F10500D2AD96 /* API */,
				DAE2F8461B94F10500D2AD96 /* UI */,
				DA2DDA771B5984CA00294A72 /* Resources */,
				DAE27A7E1D3F1EDD00D757F9 /* Util */,
			);
			path = Source;
			sourceTree = "<group>";
		};
		DAE27A7E1D3F1EDD00D757F9 /* Util */ = {
			isa = PBXGroup;
			children = (
				DAE27A7F1D3F1EF400D757F9 /* Optional+GithubBrowser.swift */,
			);
			path = Util;
			sourceTree = "<group>";
		};
		DAE2F8431B94F10500D2AD96 /* API */ = {
			isa = PBXGroup;
			children = (
				DAE2F8441B94F10500D2AD96 /* GitHubAPI.swift */,
				DA1B80BC1DDADBA500E8404F /* Siesta+SwiftyJSON.swift */,
			);
			path = API;
			sourceTree = "<group>";
		};
		DAE2F8461B94F10500D2AD96 /* UI */ = {
			isa = PBXGroup;
			children = (
				DAE2F8491B94F10500D2AD96 /* UserViewController.swift */,
				DAE2F8481B94F10500D2AD96 /* RepositoryListViewController.swift */,
				DAAC4E451D3AAD1B00FB3CE2 /* RepositoryViewController.swift */,
				DA2B55691C7EDE7B00EB4D67 /* LoginViewController.swift */,
				DAE2F8471B94F10500D2AD96 /* AppDelegate.swift */,
				DA2B55671C7ED14700EB4D67 /* SiestaTheme.swift */,
			);
			path = UI;
			sourceTree = "<group>";
		};
/* End PBXGroup section */

/* Begin PBXNativeTarget section */
		DA7462381B4C768B00406D67 /* GithubBrowser */ = {
			isa = PBXNativeTarget;
			buildConfigurationList = DA74624B1B4C768B00406D67 /* Build configuration list for PBXNativeTarget "GithubBrowser" */;
			buildPhases = (
				589B08AB8210E6BCC8924F81 /* [CP] Check Pods Manifest.lock */,
				DA7462351B4C768B00406D67 /* Sources */,
				DA7462361B4C768B00406D67 /* Frameworks */,
				DA7462371B4C768B00406D67 /* Resources */,
				ABBC5F5CF6B83AF37EB2D67F /* [CP] Embed Pods Frameworks */,
				DD66E6435D504CAF585B7E20 /* [CP] Copy Pods Resources */,
			);
			buildRules = (
			);
			dependencies = (
			);
			name = GithubBrowser;
			productName = GithubBrowser;
			productReference = DA7462391B4C768B00406D67 /* GithubBrowser.app */;
			productType = "com.apple.product-type.application";
		};
/* End PBXNativeTarget section */

/* Begin PBXProject section */
		DA7462311B4C768B00406D67 /* Project object */ = {
			isa = PBXProject;
			attributes = {
				LastUpgradeCheck = 0800;
				ORGANIZATIONNAME = "Bust Out Solutions";
				TargetAttributes = {
					DA7462381B4C768B00406D67 = {
						CreatedOnToolsVersion = 7.0;
						LastSwiftMigration = 0800;
					};
				};
			};
			buildConfigurationList = DA7462341B4C768B00406D67 /* Build configuration list for PBXProject "GithubBrowser" */;
			compatibilityVersion = "Xcode 3.2";
			developmentRegion = English;
			hasScannedForEncodings = 0;
			knownRegions = (
				en,
				Base,
			);
			mainGroup = DA7462301B4C768B00406D67;
			productRefGroup = DA74623A1B4C768B00406D67 /* Products */;
			projectDirPath = "";
			projectRoot = "";
			targets = (
				DA7462381B4C768B00406D67 /* GithubBrowser */,
			);
		};
/* End PBXProject section */

/* Begin PBXResourcesBuildPhase section */
		DA7462371B4C768B00406D67 /* Resources */ = {
			isa = PBXResourcesBuildPhase;
			buildActionMask = 2147483647;
			files = (
				DA7462471B4C768B00406D67 /* LaunchScreen.storyboard in Resources */,
				DA7462441B4C768B00406D67 /* Assets.xcassets in Resources */,
				DA7462421B4C768B00406D67 /* Main.storyboard in Resources */,
			);
			runOnlyForDeploymentPostprocessing = 0;
		};
/* End PBXResourcesBuildPhase section */

/* Begin PBXShellScriptBuildPhase section */
		589B08AB8210E6BCC8924F81 /* [CP] Check Pods Manifest.lock */ = {
			isa = PBXShellScriptBuildPhase;
			buildActionMask = 2147483647;
			files = (
			);
			inputPaths = (
			);
			name = "[CP] Check Pods Manifest.lock";
			outputPaths = (
			);
			runOnlyForDeploymentPostprocessing = 0;
			shellPath = /bin/sh;
			shellScript = "diff \"${PODS_ROOT}/../Podfile.lock\" \"${PODS_ROOT}/Manifest.lock\" > /dev/null\nif [ $? != 0 ] ; then\n    # print error to STDERR\n    echo \"error: The sandbox is not in sync with the Podfile.lock. Run 'pod install' or update your CocoaPods installation.\" >&2\n    exit 1\nfi\n";
			showEnvVarsInLog = 0;
		};
		ABBC5F5CF6B83AF37EB2D67F /* [CP] Embed Pods Frameworks */ = {
			isa = PBXShellScriptBuildPhase;
			buildActionMask = 2147483647;
			files = (
			);
			inputPaths = (
			);
			name = "[CP] Embed Pods Frameworks";
			outputPaths = (
			);
			runOnlyForDeploymentPostprocessing = 0;
			shellPath = /bin/sh;
			shellScript = "\"${SRCROOT}/Pods/Target Support Files/Pods-GithubBrowser/Pods-GithubBrowser-frameworks.sh\"\n";
			showEnvVarsInLog = 0;
		};
		DD66E6435D504CAF585B7E20 /* [CP] Copy Pods Resources */ = {
			isa = PBXShellScriptBuildPhase;
			buildActionMask = 2147483647;
			files = (
			);
			inputPaths = (
			);
			name = "[CP] Copy Pods Resources";
			outputPaths = (
			);
			runOnlyForDeploymentPostprocessing = 0;
			shellPath = /bin/sh;
			shellScript = "\"${SRCROOT}/Pods/Target Support Files/Pods-GithubBrowser/Pods-GithubBrowser-resources.sh\"\n";
			showEnvVarsInLog = 0;
		};
/* End PBXShellScriptBuildPhase section */

/* Begin PBXSourcesBuildPhase section */
		DA7462351B4C768B00406D67 /* Sources */ = {
			isa = PBXSourcesBuildPhase;
			buildActionMask = 2147483647;
			files = (
				DA2B55641C7D76B500EB4D67 /* Repository.swift in Sources */,
				DAE2F84D1B94F10500D2AD96 /* RepositoryListViewController.swift in Sources */,
				DA2B55681C7ED14800EB4D67 /* SiestaTheme.swift in Sources */,
				DAE2F84E1B94F10500D2AD96 /* UserViewController.swift in Sources */,
				DAAC4E461D3AAD1B00FB3CE2 /* RepositoryViewController.swift in Sources */,
				DA2B556A1C7EDE7B00EB4D67 /* LoginViewController.swift in Sources */,
				DA1B80BD1DDADBA500E8404F /* Siesta+SwiftyJSON.swift in Sources */,
				DA2B55621C7D6F8700EB4D67 /* User.swift in Sources */,
				DAE2F84C1B94F10500D2AD96 /* AppDelegate.swift in Sources */,
				DAE2F84A1B94F10500D2AD96 /* GitHubAPI.swift in Sources */,
				DAE27A801D3F1EF400D757F9 /* Optional+GithubBrowser.swift in Sources */,
			);
			runOnlyForDeploymentPostprocessing = 0;
		};
/* End PBXSourcesBuildPhase section */

/* Begin PBXVariantGroup section */
		DA7462401B4C768B00406D67 /* Main.storyboard */ = {
			isa = PBXVariantGroup;
			children = (
				DA7462411B4C768B00406D67 /* Base */,
			);
			name = Main.storyboard;
			sourceTree = "<group>";
		};
		DA7462451B4C768B00406D67 /* LaunchScreen.storyboard */ = {
			isa = PBXVariantGroup;
			children = (
				DA7462461B4C768B00406D67 /* Base */,
			);
			name = LaunchScreen.storyboard;
			sourceTree = "<group>";
		};
/* End PBXVariantGroup section */

/* Begin XCBuildConfiguration section */
		DA7462491B4C768B00406D67 /* Debug */ = {
			isa = XCBuildConfiguration;
			buildSettings = {
				ALWAYS_SEARCH_USER_PATHS = NO;
				CLANG_CXX_LANGUAGE_STANDARD = "gnu++0x";
				CLANG_CXX_LIBRARY = "libc++";
				CLANG_ENABLE_MODULES = YES;
				CLANG_ENABLE_OBJC_ARC = YES;
				CLANG_WARN_BOOL_CONVERSION = YES;
				CLANG_WARN_CONSTANT_CONVERSION = YES;
				CLANG_WARN_DIRECT_OBJC_ISA_USAGE = YES_ERROR;
				CLANG_WARN_EMPTY_BODY = YES;
				CLANG_WARN_ENUM_CONVERSION = YES;
				CLANG_WARN_INFINITE_RECURSION = YES;
				CLANG_WARN_INT_CONVERSION = YES;
				CLANG_WARN_OBJC_ROOT_CLASS = YES_ERROR;
				CLANG_WARN_SUSPICIOUS_MOVE = YES;
				CLANG_WARN_UNREACHABLE_CODE = YES;
				CLANG_WARN__DUPLICATE_METHOD_MATCH = YES;
				"CODE_SIGN_IDENTITY[sdk=iphoneos*]" = "iPhone Developer";
				COPY_PHASE_STRIP = NO;
				DEBUG_INFORMATION_FORMAT = dwarf;
				ENABLE_STRICT_OBJC_MSGSEND = YES;
				ENABLE_TESTABILITY = YES;
				GCC_C_LANGUAGE_STANDARD = gnu99;
				GCC_DYNAMIC_NO_PIC = NO;
				GCC_NO_COMMON_BLOCKS = YES;
				GCC_OPTIMIZATION_LEVEL = 0;
				GCC_PREPROCESSOR_DEFINITIONS = (
					"DEBUG=1",
					"$(inherited)",
				);
				GCC_WARN_64_TO_32_BIT_CONVERSION = YES;
				GCC_WARN_ABOUT_RETURN_TYPE = YES_ERROR;
				GCC_WARN_UNDECLARED_SELECTOR = YES;
				GCC_WARN_UNINITIALIZED_AUTOS = YES_AGGRESSIVE;
				GCC_WARN_UNUSED_FUNCTION = YES;
				GCC_WARN_UNUSED_VARIABLE = YES;
				IPHONEOS_DEPLOYMENT_TARGET = 9.0;
				MTL_ENABLE_DEBUG_INFO = YES;
				ONLY_ACTIVE_ARCH = YES;
				OTHER_SWIFT_FLAGS = "-D DEBUG";
				SDKROOT = iphoneos;
				SWIFT_OPTIMIZATION_LEVEL = "-Onone";
			};
			name = Debug;
		};
		DA74624A1B4C768B00406D67 /* Release */ = {
			isa = XCBuildConfiguration;
			buildSettings = {
				ALWAYS_SEARCH_USER_PATHS = NO;
				CLANG_CXX_LANGUAGE_STANDARD = "gnu++0x";
				CLANG_CXX_LIBRARY = "libc++";
				CLANG_ENABLE_MODULES = YES;
				CLANG_ENABLE_OBJC_ARC = YES;
				CLANG_WARN_BOOL_CONVERSION = YES;
				CLANG_WARN_CONSTANT_CONVERSION = YES;
				CLANG_WARN_DIRECT_OBJC_ISA_USAGE = YES_ERROR;
				CLANG_WARN_EMPTY_BODY = YES;
				CLANG_WARN_ENUM_CONVERSION = YES;
				CLANG_WARN_INFINITE_RECURSION = YES;
				CLANG_WARN_INT_CONVERSION = YES;
				CLANG_WARN_OBJC_ROOT_CLASS = YES_ERROR;
				CLANG_WARN_SUSPICIOUS_MOVE = YES;
				CLANG_WARN_UNREACHABLE_CODE = YES;
				CLANG_WARN__DUPLICATE_METHOD_MATCH = YES;
				"CODE_SIGN_IDENTITY[sdk=iphoneos*]" = "iPhone Developer";
				COPY_PHASE_STRIP = NO;
				DEBUG_INFORMATION_FORMAT = "dwarf-with-dsym";
				ENABLE_NS_ASSERTIONS = NO;
				ENABLE_STRICT_OBJC_MSGSEND = YES;
				GCC_C_LANGUAGE_STANDARD = gnu99;
				GCC_NO_COMMON_BLOCKS = YES;
				GCC_WARN_64_TO_32_BIT_CONVERSION = YES;
				GCC_WARN_ABOUT_RETURN_TYPE = YES_ERROR;
				GCC_WARN_UNDECLARED_SELECTOR = YES;
				GCC_WARN_UNINITIALIZED_AUTOS = YES_AGGRESSIVE;
				GCC_WARN_UNUSED_FUNCTION = YES;
				GCC_WARN_UNUSED_VARIABLE = YES;
				IPHONEOS_DEPLOYMENT_TARGET = 9.0;
				MTL_ENABLE_DEBUG_INFO = NO;
				OTHER_SWIFT_FLAGS = "-D DEBUG";
				SDKROOT = iphoneos;
				SWIFT_OPTIMIZATION_LEVEL = "-Owholemodule";
				VALIDATE_PRODUCT = YES;
			};
			name = Release;
		};
		DA74624C1B4C768B00406D67 /* Debug */ = {
			isa = XCBuildConfiguration;
			baseConfigurationReference = CC0AB1A69A9C04B0879CFD4C /* Pods-GithubBrowser.debug.xcconfig */;
			buildSettings = {
				ASSETCATALOG_COMPILER_APPICON_NAME = AppIcon;
				INFOPLIST_FILE = Source/Info.plist;
				LD_RUNPATH_SEARCH_PATHS = "$(inherited) @executable_path/Frameworks";
				PRODUCT_BUNDLE_IDENTIFIER = com.bustoutsolutions.GithubBrowser;
				PRODUCT_NAME = "$(TARGET_NAME)";
				SWIFT_VERSION = 3.0;
			};
			name = Debug;
		};
		DA74624D1B4C768B00406D67 /* Release */ = {
			isa = XCBuildConfiguration;
			baseConfigurationReference = A30D9B88A43E86FECB6FED59 /* Pods-GithubBrowser.release.xcconfig */;
			buildSettings = {
				ASSETCATALOG_COMPILER_APPICON_NAME = AppIcon;
				INFOPLIST_FILE = Source/Info.plist;
				LD_RUNPATH_SEARCH_PATHS = "$(inherited) @executable_path/Frameworks";
				PRODUCT_BUNDLE_IDENTIFIER = com.bustoutsolutions.GithubBrowser;
				PRODUCT_NAME = "$(TARGET_NAME)";
				SWIFT_VERSION = 3.0;
			};
			name = Release;
		};
/* End XCBuildConfiguration section */

/* Begin XCConfigurationList section */
		DA7462341B4C768B00406D67 /* Build configuration list for PBXProject "GithubBrowser" */ = {
			isa = XCConfigurationList;
			buildConfigurations = (
				DA7462491B4C768B00406D67 /* Debug */,
				DA74624A1B4C768B00406D67 /* Release */,
			);
			defaultConfigurationIsVisible = 0;
			defaultConfigurationName = Release;
		};
		DA74624B1B4C768B00406D67 /* Build configuration list for PBXNativeTarget "GithubBrowser" */ = {
			isa = XCConfigurationList;
			buildConfigurations = (
				DA74624C1B4C768B00406D67 /* Debug */,
				DA74624D1B4C768B00406D67 /* Release */,
			);
			defaultConfigurationIsVisible = 0;
			defaultConfigurationName = Release;
		};
/* End XCConfigurationList section */
	};
	rootObject = DA7462311B4C768B00406D67 /* Project object */;
}
