PODS:
  - Siesta/Core (1.4.3)
  - Siesta/UI (1.4.3):
    - Siesta/Core

DEPENDENCIES:
  - Siesta/UI (from `../..`)

EXTERNAL SOURCES:
  Siesta:
    :path: "../.."

SPEC CHECKSUMS:
  Siesta: 1a4145880521005f6df9835c73358b3476951c6e

PODFILE CHECKSUM: ae415ad9ad375272eab63ab45853da2148a7aa21

COCOAPODS: 1.6.0.beta.1
