PODS:
  - Siesta/Core (1.4.1)
  - Siesta/UI (1.4.1):
    - Siesta/Core

DEPENDENCIES:
  - Siesta/UI (from `../..`)

EXTERNAL SOURCES:
  Siesta:
    :path: "../.."

SPEC CHECKSUMS:
  Siesta: 02f67deae325f43760d39b7880a98a5f3b60c1de

PODFILE CHECKSUM: ae415ad9ad375272eab63ab45853da2148a7aa21

COCOAPODS: 1.5.3
