PODS:
  - Siesta/Core (1.1.1)
  - Siesta/UI (1.1.1):
    - Siesta/Core

DEPENDENCIES:
  - Siesta/UI (from `../..`)

EXTERNAL SOURCES:
  Siesta:
    :path: "../.."

SPEC CHECKSUMS:
  Siesta: 7ca19669c09d36d430872469692e4878acb8a638

PODFILE CHECKSUM: ae415ad9ad375272eab63ab45853da2148a7aa21

COCOAPODS: 1.2.1
